// !$*UTF8*$!
{
	archiveVersion = 1;
	classes = {
	};
	objectVersion = 46;
	objects = {

/* Begin PBXBuildFile section */
		E2F6CCB118D592C900C0123A /* Foundation.framework in Frameworks */ = {isa = PBXBuildFile; fileRef = E2F6CCB018D592C900C0123A /* Foundation.framework */; };
		E2F6CCB318D592C900C0123A /* CoreGraphics.framework in Frameworks */ = {isa = PBXBuildFile; fileRef = E2F6CCB218D592C900C0123A /* CoreGraphics.framework */; };
		E2F6CCB518D592C900C0123A /* UIKit.framework in Frameworks */ = {isa = PBXBuildFile; fileRef = E2F6CCB418D592C900C0123A /* UIKit.framework */; };
		E2F6CCBB18D592C900C0123A /* InfoPlist.strings in Resources */ = {isa = PBXBuildFile; fileRef = E2F6CCB918D592C900C0123A /* InfoPlist.strings */; };
		E2F6CCBD18D592C900C0123A /* main.m in Sources */ = {isa = PBXBuildFile; fileRef = E2F6CCBC18D592C900C0123A /* main.m */; };
		E2F6CCC118D592CA00C0123A /* AppDelegate.m in Sources */ = {isa = PBXBuildFile; fileRef = E2F6CCC018D592CA00C0123A /* AppDelegate.m */; };
		E2F6CCC418D592CA00C0123A /* Main.storyboard in Resources */ = {isa = PBXBuildFile; fileRef = E2F6CCC218D592CA00C0123A /* Main.storyboard */; };
		E2F6CCC718D592CA00C0123A /* ViewController.m in Sources */ = {isa = PBXBuildFile; fileRef = E2F6CCC618D592CA00C0123A /* ViewController.m */; };
		E2F6CCC918D592CA00C0123A /* Images.xcassets in Resources */ = {isa = PBXBuildFile; fileRef = E2F6CCC818D592CA00C0123A /* Images.xcassets */; };
		E2F6CCD018D592CA00C0123A /* XCTest.framework in Frameworks */ = {isa = PBXBuildFile; fileRef = E2F6CCCF18D592CA00C0123A /* XCTest.framework */; };
		E2F6CCD118D592CA00C0123A /* Foundation.framework in Frameworks */ = {isa = PBXBuildFile; fileRef = E2F6CCB018D592C900C0123A /* Foundation.framework */; };
		E2F6CCD218D592CA00C0123A /* UIKit.framework in Frameworks */ = {isa = PBXBuildFile; fileRef = E2F6CCB418D592C900C0123A /* UIKit.framework */; };
		E2F6CCDA18D592CA00C0123A /* InfoPlist.strings in Resources */ = {isa = PBXBuildFile; fileRef = E2F6CCD818D592CA00C0123A /* InfoPlist.strings */; };
		E2F6CCDC18D592CA00C0123A /* nsdictionaryTests.m in Sources */ = {isa = PBXBuildFile; fileRef = E2F6CCDB18D592CA00C0123A /* nsdictionaryTests.m */; };
/* End PBXBuildFile section */

/* Begin PBXContainerItemProxy section */
		E2F6CCD318D592CA00C0123A /* PBXContainerItemProxy */ = {
			isa = PBXContainerItemProxy;
			containerPortal = E2F6CCA518D592C900C0123A /* Project object */;
			proxyType = 1;
			remoteGlobalIDString = E2F6CCAC18D592C900C0123A;
			remoteInfo = nsdictionary;
		};
/* End PBXContainerItemProxy section */

/* Begin PBXFileReference section */
		E2F6CCAD18D592C900C0123A /* nsdictionary.app */ = {isa = PBXFileReference; explicitFileType = wrapper.application; includeInIndex = 0; path = nsdictionary.app; sourceTree = BUILT_PRODUCTS_DIR; };
		E2F6CCB018D592C900C0123A /* Foundation.framework */ = {isa = PBXFileReference; lastKnownFileType = wrapper.framework; name = Foundation.framework; path = System/Library/Frameworks/Foundation.framework; sourceTree = SDKROOT; };
		E2F6CCB218D592C900C0123A /* CoreGraphics.framework */ = {isa = PBXFileReference; lastKnownFileType = wrapper.framework; name = CoreGraphics.framework; path = System/Library/Frameworks/CoreGraphics.framework; sourceTree = SDKROOT; };
		E2F6CCB418D592C900C0123A /* UIKit.framework */ = {isa = PBXFileReference; lastKnownFileType = wrapper.framework; name = UIKit.framework; path = System/Library/Frameworks/UIKit.framework; sourceTree = SDKROOT; };
		E2F6CCB818D592C900C0123A /* nsdictionary-Info.plist */ = {isa = PBXFileReference; lastKnownFileType = text.plist.xml; path = "nsdictionary-Info.plist"; sourceTree = "<group>"; };
		E2F6CCBA18D592C900C0123A /* en */ = {isa = PBXFileReference; lastKnownFileType = text.plist.strings; name = en; path = en.lproj/InfoPlist.strings; sourceTree = "<group>"; };
		E2F6CCBC18D592C900C0123A /* main.m */ = {isa = PBXFileReference; lastKnownFileType = sourcecode.c.objc; path = main.m; sourceTree = "<group>"; };
		E2F6CCBE18D592C900C0123A /* nsdictionary-Prefix.pch */ = {isa = PBXFileReference; lastKnownFileType = sourcecode.c.h; path = "nsdictionary-Prefix.pch"; sourceTree = "<group>"; };
		E2F6CCBF18D592CA00C0123A /* AppDelegate.h */ = {isa = PBXFileReference; lastKnownFileType = sourcecode.c.h; path = AppDelegate.h; sourceTree = "<group>"; };
		E2F6CCC018D592CA00C0123A /* AppDelegate.m */ = {isa = PBXFileReference; lastKnownFileType = sourcecode.c.objc; path = AppDelegate.m; sourceTree = "<group>"; };
		E2F6CCC318D592CA00C0123A /* Base */ = {isa = PBXFileReference; lastKnownFileType = file.storyboard; name = Base; path = Base.lproj/Main.storyboard; sourceTree = "<group>"; };
		E2F6CCC518D592CA00C0123A /* ViewController.h */ = {isa = PBXFileReference; lastKnownFileType = sourcecode.c.h; path = ViewController.h; sourceTree = "<group>"; };
		E2F6CCC618D592CA00C0123A /* ViewController.m */ = {isa = PBXFileReference; lastKnownFileType = sourcecode.c.objc; path = ViewController.m; sourceTree = "<group>"; };
		E2F6CCC818D592CA00C0123A /* Images.xcassets */ = {isa = PBXFileReference; lastKnownFileType = folder.assetcatalog; path = Images.xcassets; sourceTree = "<group>"; };
		E2F6CCCE18D592CA00C0123A /* nsdictionaryTests.xctest */ = {isa = PBXFileReference; explicitFileType = wrapper.cfbundle; includeInIndex = 0; path = nsdictionaryTests.xctest; sourceTree = BUILT_PRODUCTS_DIR; };
		E2F6CCCF18D592CA00C0123A /* XCTest.framework */ = {isa = PBXFileReference; lastKnownFileType = wrapper.framework; name = XCTest.framework; path = Library/Frameworks/XCTest.framework; sourceTree = DEVELOPER_DIR; };
		E2F6CCD718D592CA00C0123A /* nsdictionaryTests-Info.plist */ = {isa = PBXFileReference; lastKnownFileType = text.plist.xml; path = "nsdictionaryTests-Info.plist"; sourceTree = "<group>"; };
		E2F6CCD918D592CA00C0123A /* en */ = {isa = PBXFileReference; lastKnownFileType = text.plist.strings; name = en; path = en.lproj/InfoPlist.strings; sourceTree = "<group>"; };
		E2F6CCDB18D592CA00C0123A /* nsdictionaryTests.m */ = {isa = PBXFileReference; lastKnownFileType = sourcecode.c.objc; path = nsdictionaryTests.m; sourceTree = "<group>"; };
/* End PBXFileReference section */

/* Begin PBXFrameworksBuildPhase section */
		E2F6CCAA18D592C900C0123A /* Frameworks */ = {
			isa = PBXFrameworksBuildPhase;
			buildActionMask = 2147483647;
			files = (
				E2F6CCB318D592C900C0123A /* CoreGraphics.framework in Frameworks */,
				E2F6CCB518D592C900C0123A /* UIKit.framework in Frameworks */,
				E2F6CCB118D592C900C0123A /* Foundation.framework in Frameworks */,
			);
			runOnlyForDeploymentPostprocessing = 0;
		};
		E2F6CCCB18D592CA00C0123A /* Frameworks */ = {
			isa = PBXFrameworksBuildPhase;
			buildActionMask = 2147483647;
			files = (
				E2F6CCD018D592CA00C0123A /* XCTest.framework in Frameworks */,
				E2F6CCD218D592CA00C0123A /* UIKit.framework in Frameworks */,
				E2F6CCD118D592CA00C0123A /* Foundation.framework in Frameworks */,
			);
			runOnlyForDeploymentPostprocessing = 0;
		};
/* End PBXFrameworksBuildPhase section */

/* Begin PBXGroup section */
		E2F6CCA418D592C900C0123A = {
			isa = PBXGroup;
			children = (
				E2F6CCB618D592C900C0123A /* nsdictionary */,
				E2F6CCD518D592CA00C0123A /* nsdictionaryTests */,
				E2F6CCAF18D592C900C0123A /* Frameworks */,
				E2F6CCAE18D592C900C0123A /* Products */,
			);
			sourceTree = "<group>";
		};
		E2F6CCAE18D592C900C0123A /* Products */ = {
			isa = PBXGroup;
			children = (
				E2F6CCAD18D592C900C0123A /* nsdictionary.app */,
				E2F6CCCE18D592CA00C0123A /* nsdictionaryTests.xctest */,
			);
			name = Products;
			sourceTree = "<group>";
		};
		E2F6CCAF18D592C900C0123A /* Frameworks */ = {
			isa = PBXGroup;
			children = (
				E2F6CCB018D592C900C0123A /* Foundation.framework */,
				E2F6CCB218D592C900C0123A /* CoreGraphics.framework */,
				E2F6CCB418D592C900C0123A /* UIKit.framework */,
				E2F6CCCF18D592CA00C0123A /* XCTest.framework */,
			);
			name = Frameworks;
			sourceTree = "<group>";
		};
		E2F6CCB618D592C900C0123A /* nsdictionary */ = {
			isa = PBXGroup;
			children = (
				E2F6CCBF18D592CA00C0123A /* AppDelegate.h */,
				E2F6CCC018D592CA00C0123A /* AppDelegate.m */,
				E2F6CCC218D592CA00C0123A /* Main.storyboard */,
				E2F6CCC518D592CA00C0123A /* ViewController.h */,
				E2F6CCC618D592CA00C0123A /* ViewController.m */,
				E2F6CCC818D592CA00C0123A /* Images.xcassets */,
				E2F6CCB718D592C900C0123A /* Supporting Files */,
			);
			path = nsdictionary;
			sourceTree = "<group>";
		};
		E2F6CCB718D592C900C0123A /* Supporting Files */ = {
			isa = PBXGroup;
			children = (
				E2F6CCB818D592C900C0123A /* nsdictionary-Info.plist */,
				E2F6CCB918D592C900C0123A /* InfoPlist.strings */,
				E2F6CCBC18D592C900C0123A /* main.m */,
				E2F6CCBE18D592C900C0123A /* nsdictionary-Prefix.pch */,
			);
			name = "Supporting Files";
			sourceTree = "<group>";
		};
		E2F6CCD518D592CA00C0123A /* nsdictionaryTests */ = {
			isa = PBXGroup;
			children = (
				E2F6CCDB18D592CA00C0123A /* nsdictionaryTests.m */,
				E2F6CCD618D592CA00C0123A /* Supporting Files */,
			);
			path = nsdictionaryTests;
			sourceTree = "<group>";
		};
		E2F6CCD618D592CA00C0123A /* Supporting Files */ = {
			isa = PBXGroup;
			children = (
				E2F6CCD718D592CA00C0123A /* nsdictionaryTests-Info.plist */,
				E2F6CCD818D592CA00C0123A /* InfoPlist.strings */,
			);
			name = "Supporting Files";
			sourceTree = "<group>";
		};
/* End PBXGroup section */

/* Begin PBXNativeTarget section */
		E2F6CCAC18D592C900C0123A /* nsdictionary */ = {
			isa = PBXNativeTarget;
			buildConfigurationList = E2F6CCDF18D592CA00C0123A /* Build configuration list for PBXNativeTarget "nsdictionary" */;
			buildPhases = (
				E2F6CCA918D592C900C0123A /* Sources */,
				E2F6CCAA18D592C900C0123A /* Frameworks */,
				E2F6CCAB18D592C900C0123A /* Resources */,
			);
			buildRules = (
			);
			dependencies = (
			);
			name = nsdictionary;
			productName = nsdictionary;
			productReference = E2F6CCAD18D592C900C0123A /* nsdictionary.app */;
			productType = "com.apple.product-type.application";
		};
		E2F6CCCD18D592CA00C0123A /* nsdictionaryTests */ = {
			isa = PBXNativeTarget;
			buildConfigurationList = E2F6CCE218D592CA00C0123A /* Build configuration list for PBXNativeTarget "nsdictionaryTests" */;
			buildPhases = (
				E2F6CCCA18D592CA00C0123A /* Sources */,
				E2F6CCCB18D592CA00C0123A /* Frameworks */,
				E2F6CCCC18D592CA00C0123A /* Resources */,
			);
			buildRules = (
			);
			dependencies = (
				E2F6CCD418D592CA00C0123A /* PBXTargetDependency */,
			);
			name = nsdictionaryTests;
			productName = nsdictionaryTests;
			productReference = E2F6CCCE18D592CA00C0123A /* nsdictionaryTests.xctest */;
			productType = "com.apple.product-type.bundle.unit-test";
		};
/* End PBXNativeTarget section */

/* Begin PBXProject section */
		E2F6CCA518D592C900C0123A /* Project object */ = {
			isa = PBXProject;
			attributes = {
				LastUpgradeCheck = 0500;
				ORGANIZATIONNAME = "Yoshitaka Yamashita";
				TargetAttributes = {
					E2F6CCCD18D592CA00C0123A = {
						TestTargetID = E2F6CCAC18D592C900C0123A;
					};
				};
			};
			buildConfigurationList = E2F6CCA818D592C900C0123A /* Build configuration list for PBXProject "nsdictionary" */;
			compatibilityVersion = "Xcode 3.2";
			developmentRegion = English;
			hasScannedForEncodings = 0;
			knownRegions = (
				en,
				Base,
			);
			mainGroup = E2F6CCA418D592C900C0123A;
			productRefGroup = E2F6CCAE18D592C900C0123A /* Products */;
			projectDirPath = "";
			projectRoot = "";
			targets = (
				E2F6CCAC18D592C900C0123A /* nsdictionary */,
				E2F6CCCD18D592CA00C0123A /* nsdictionaryTests */,
			);
		};
/* End PBXProject section */

/* Begin PBXResourcesBuildPhase section */
		E2F6CCAB18D592C900C0123A /* Resources */ = {
			isa = PBXResourcesBuildPhase;
			buildActionMask = 2147483647;
			files = (
				E2F6CCC918D592CA00C0123A /* Images.xcassets in Resources */,
				E2F6CCBB18D592C900C0123A /* InfoPlist.strings in Resources */,
				E2F6CCC418D592CA00C0123A /* Main.storyboard in Resources */,
			);
			runOnlyForDeploymentPostprocessing = 0;
		};
		E2F6CCCC18D592CA00C0123A /* Resources */ = {
			isa = PBXResourcesBuildPhase;
			buildActionMask = 2147483647;
			files = (
				E2F6CCDA18D592CA00C0123A /* InfoPlist.strings in Resources */,
			);
			runOnlyForDeploymentPostprocessing = 0;
		};
/* End PBXResourcesBuildPhase section */

/* Begin PBXSourcesBuildPhase section */
		E2F6CCA918D592C900C0123A /* Sources */ = {
			isa = PBXSourcesBuildPhase;
			buildActionMask = 2147483647;
			files = (
				E2F6CCC718D592CA00C0123A /* ViewController.m in Sources */,
				E2F6CCC118D592CA00C0123A /* AppDelegate.m in Sources */,
				E2F6CCBD18D592C900C0123A /* main.m in Sources */,
			);
			runOnlyForDeploymentPostprocessing = 0;
		};
		E2F6CCCA18D592CA00C0123A /* Sources */ = {
			isa = PBXSourcesBuildPhase;
			buildActionMask = 2147483647;
			files = (
				E2F6CCDC18D592CA00C0123A /* nsdictionaryTests.m in Sources */,
			);
			runOnlyForDeploymentPostprocessing = 0;
		};
/* End PBXSourcesBuildPhase section */

/* Begin PBXTargetDependency section */
		E2F6CCD418D592CA00C0123A /* PBXTargetDependency */ = {
			isa = PBXTargetDependency;
			target = E2F6CCAC18D592C900C0123A /* nsdictionary */;
			targetProxy = E2F6CCD318D592CA00C0123A /* PBXContainerItemProxy */;
		};
/* End PBXTargetDependency section */

/* Begin PBXVariantGroup section */
		E2F6CCB918D592C900C0123A /* InfoPlist.strings */ = {
			isa = PBXVariantGroup;
			children = (
				E2F6CCBA18D592C900C0123A /* en */,
			);
			name = InfoPlist.strings;
			sourceTree = "<group>";
		};
		E2F6CCC218D592CA00C0123A /* Main.storyboard */ = {
			isa = PBXVariantGroup;
			children = (
				E2F6CCC318D592CA00C0123A /* Base */,
			);
			name = Main.storyboard;
			sourceTree = "<group>";
		};
		E2F6CCD818D592CA00C0123A /* InfoPlist.strings */ = {
			isa = PBXVariantGroup;
			children = (
				E2F6CCD918D592CA00C0123A /* en */,
			);
			name = InfoPlist.strings;
			sourceTree = "<group>";
		};
/* End PBXVariantGroup section */

/* Begin XCBuildConfiguration section */
		E2F6CCDD18D592CA00C0123A /* Debug */ = {
			isa = XCBuildConfiguration;
			buildSettings = {
				ALWAYS_SEARCH_USER_PATHS = NO;
				ARCHS = "$(ARCHS_STANDARD_INCLUDING_64_BIT)";
				CLANG_CXX_LANGUAGE_STANDARD = "gnu++0x";
				CLANG_CXX_LIBRARY = "libc++";
				CLANG_ENABLE_MODULES = YES;
				CLANG_ENABLE_OBJC_ARC = YES;
				CLANG_WARN_BOOL_CONVERSION = YES;
				CLANG_WARN_CONSTANT_CONVERSION = YES;
				CLANG_WARN_DIRECT_OBJC_ISA_USAGE = YES_ERROR;
				CLANG_WARN_EMPTY_BODY = YES;
				CLANG_WARN_ENUM_CONVERSION = YES;
				CLANG_WARN_INT_CONVERSION = YES;
				CLANG_WARN_OBJC_ROOT_CLASS = YES_ERROR;
				CLANG_WARN__DUPLICATE_METHOD_MATCH = YES;
				"CODE_SIGN_IDENTITY[sdk=iphoneos*]" = "iPhone Developer";
				COPY_PHASE_STRIP = NO;
				GCC_C_LANGUAGE_STANDARD = gnu99;
				GCC_DYNAMIC_NO_PIC = NO;
				GCC_OPTIMIZATION_LEVEL = 0;
				GCC_PREPROCESSOR_DEFINITIONS = (
					"DEBUG=1",
					"$(inherited)",
				);
				GCC_SYMBOLS_PRIVATE_EXTERN = NO;
				GCC_WARN_64_TO_32_BIT_CONVERSION = YES;
				GCC_WARN_ABOUT_RETURN_TYPE = YES_ERROR;
				GCC_WARN_UNDECLARED_SELECTOR = YES;
				GCC_WARN_UNINITIALIZED_AUTOS = YES;
				GCC_WARN_UNUSED_FUNCTION = YES;
				GCC_WARN_UNUSED_VARIABLE = YES;
				IPHONEOS_DEPLOYMENT_TARGET = 7.0;
				ONLY_ACTIVE_ARCH = YES;
				SDKROOT = iphoneos;
			};
			name = Debug;
		};
		E2F6CCDE18D592CA00C0123A /* Release */ = {
			isa = XCBuildConfiguration;
			buildSettings = {
				ALWAYS_SEARCH_USER_PATHS = NO;
				ARCHS = "$(ARCHS_STANDARD_INCLUDING_64_BIT)";
				CLANG_CXX_LANGUAGE_STANDARD = "gnu++0x";
				CLANG_CXX_LIBRARY = "libc++";
				CLANG_ENABLE_MODULES = YES;
				CLANG_ENABLE_OBJC_ARC = YES;
				CLANG_WARN_BOOL_CONVERSION = YES;
				CLANG_WARN_CONSTANT_CONVERSION = YES;
				CLANG_WARN_DIRECT_OBJC_ISA_USAGE = YES_ERROR;
				CLANG_WARN_EMPTY_BODY = YES;
				CLANG_WARN_ENUM_CONVERSION = YES;
				CLANG_WARN_INT_CONVERSION = YES;
				CLANG_WARN_OBJC_ROOT_CLASS = YES_ERROR;
				CLANG_WARN__DUPLICATE_METHOD_MATCH = YES;
				"CODE_SIGN_IDENTITY[sdk=iphoneos*]" = "iPhone Developer";
				COPY_PHASE_STRIP = YES;
				ENABLE_NS_ASSERTIONS = NO;
				GCC_C_LANGUAGE_STANDARD = gnu99;
				GCC_WARN_64_TO_32_BIT_CONVERSION = YES;
				GCC_WARN_ABOUT_RETURN_TYPE = YES_ERROR;
				GCC_WARN_UNDECLARED_SELECTOR = YES;
				GCC_WARN_UNINITIALIZED_AUTOS = YES;
				GCC_WARN_UNUSED_FUNCTION = YES;
				GCC_WARN_UNUSED_VARIABLE = YES;
				IPHONEOS_DEPLOYMENT_TARGET = 7.0;
				SDKROOT = iphoneos;
				VALIDATE_PRODUCT = YES;
			};
			name = Release;
		};
		E2F6CCE018D592CA00C0123A /* Debug */ = {
			isa = XCBuildConfiguration;
			buildSettings = {
				ASSETCATALOG_COMPILER_APPICON_NAME = AppIcon;
				ASSETCATALOG_COMPILER_LAUNCHIMAGE_NAME = LaunchImage;
				GCC_PRECOMPILE_PREFIX_HEADER = YES;
				GCC_PREFIX_HEADER = "nsdictionary/nsdictionary-Prefix.pch";
				INFOPLIST_FILE = "nsdictionary/nsdictionary-Info.plist";
				PRODUCT_NAME = "$(TARGET_NAME)";
				WRAPPER_EXTENSION = app;
			};
			name = Debug;
		};
		E2F6CCE118D592CA00C0123A /* Release */ = {
			isa = XCBuildConfiguration;
			buildSettings = {
				ASSETCATALOG_COMPILER_APPICON_NAME = AppIcon;
				ASSETCATALOG_COMPILER_LAUNCHIMAGE_NAME = LaunchImage;
				GCC_PRECOMPILE_PREFIX_HEADER = YES;
				GCC_PREFIX_HEADER = "nsdictionary/nsdictionary-Prefix.pch";
				INFOPLIST_FILE = "nsdictionary/nsdictionary-Info.plist";
				PRODUCT_NAME = "$(TARGET_NAME)";
				WRAPPER_EXTENSION = app;
			};
			name = Release;
		};
		E2F6CCE318D592CA00C0123A /* Debug */ = {
			isa = XCBuildConfiguration;
			buildSettings = {
				ARCHS = "$(ARCHS_STANDARD_INCLUDING_64_BIT)";
				BUNDLE_LOADER = "$(BUILT_PRODUCTS_DIR)/nsdictionary.app/nsdictionary";
				FRAMEWORK_SEARCH_PATHS = (
					"$(SDKROOT)/Developer/Library/Frameworks",
					"$(inherited)",
					"$(DEVELOPER_FRAMEWORKS_DIR)",
				);
				GCC_PRECOMPILE_PREFIX_HEADER = YES;
				GCC_PREFIX_HEADER = "nsdictionary/nsdictionary-Prefix.pch";
				GCC_PREPROCESSOR_DEFINITIONS = (
					"DEBUG=1",
					"$(inherited)",
				);
				INFOPLIST_FILE = "nsdictionaryTests/nsdictionaryTests-Info.plist";
				PRODUCT_NAME = "$(TARGET_NAME)";
				TEST_HOST = "$(BUNDLE_LOADER)";
				WRAPPER_EXTENSION = xctest;
			};
			name = Debug;
		};
		E2F6CCE418D592CA00C0123A /* Release */ = {
			isa = XCBuildConfiguration;
			buildSettings = {
				ARCHS = "$(ARCHS_STANDARD_INCLUDING_64_BIT)";
				BUNDLE_LOADER = "$(BUILT_PRODUCTS_DIR)/nsdictionary.app/nsdictionary";
				FRAMEWORK_SEARCH_PATHS = (
					"$(SDKROOT)/Developer/Library/Frameworks",
					"$(inherited)",
					"$(DEVELOPER_FRAMEWORKS_DIR)",
				);
				GCC_PRECOMPILE_PREFIX_HEADER = YES;
				GCC_PREFIX_HEADER = "nsdictionary/nsdictionary-Prefix.pch";
				INFOPLIST_FILE = "nsdictionaryTests/nsdictionaryTests-Info.plist";
				PRODUCT_NAME = "$(TARGET_NAME)";
				TEST_HOST = "$(BUNDLE_LOADER)";
				WRAPPER_EXTENSION = xctest;
			};
			name = Release;
		};
/* End XCBuildConfiguration section */

/* Begin XCConfigurationList section */
		E2F6CCA818D592C900C0123A /* Build configuration list for PBXProject "nsdictionary" */ = {
			isa = XCConfigurationList;
			buildConfigurations = (
				E2F6CCDD18D592CA00C0123A /* Debug */,
				E2F6CCDE18D592CA00C0123A /* Release */,
			);
			defaultConfigurationIsVisible = 0;
			defaultConfigurationName = Release;
		};
		E2F6CCDF18D592CA00C0123A /* Build configuration list for PBXNativeTarget "nsdictionary" */ = {
			isa = XCConfigurationList;
			buildConfigurations = (
				E2F6CCE018D592CA00C0123A /* Debug */,
				E2F6CCE118D592CA00C0123A /* Release */,
			);
			defaultConfigurationIsVisible = 0;
		};
		E2F6CCE218D592CA00C0123A /* Build configuration list for PBXNativeTarget "nsdictionaryTests" */ = {
			isa = XCConfigurationList;
			buildConfigurations = (
				E2F6CCE318D592CA00C0123A /* Debug */,
				E2F6CCE418D592CA00C0123A /* Release */,
			);
			defaultConfigurationIsVisible = 0;
		};
/* End XCConfigurationList section */
	};
	rootObject = E2F6CCA518D592C900C0123A /* Project object */;
}
