// !$*UTF8*$!
{
	archiveVersion = 1;
	classes = {
	};
	objectVersion = 46;
	objects = {

/* Begin PBXBuildFile section */
		E2E31E9318D59DB100DEFD5B /* Foundation.framework in Frameworks */ = {isa = PBXBuildFile; fileRef = E2E31E9218D59DB100DEFD5B /* Foundation.framework */; };
		E2E31E9518D59DB100DEFD5B /* CoreGraphics.framework in Frameworks */ = {isa = PBXBuildFile; fileRef = E2E31E9418D59DB100DEFD5B /* CoreGraphics.framework */; };
		E2E31E9718D59DB100DEFD5B /* UIKit.framework in Frameworks */ = {isa = PBXBuildFile; fileRef = E2E31E9618D59DB100DEFD5B /* UIKit.framework */; };
		E2E31E9D18D59DB100DEFD5B /* InfoPlist.strings in Resources */ = {isa = PBXBuildFile; fileRef = E2E31E9B18D59DB100DEFD5B /* InfoPlist.strings */; };
		E2E31E9F18D59DB100DEFD5B /* main.m in Sources */ = {isa = PBXBuildFile; fileRef = E2E31E9E18D59DB100DEFD5B /* main.m */; };
		E2E31EA318D59DB100DEFD5B /* AppDelegate.m in Sources */ = {isa = PBXBuildFile; fileRef = E2E31EA218D59DB100DEFD5B /* AppDelegate.m */; };
		E2E31EA618D59DB100DEFD5B /* Main.storyboard in Resources */ = {isa = PBXBuildFile; fileRef = E2E31EA418D59DB100DEFD5B /* Main.storyboard */; };
		E2E31EA918D59DB100DEFD5B /* ViewController.m in Sources */ = {isa = PBXBuildFile; fileRef = E2E31EA818D59DB100DEFD5B /* ViewController.m */; };
		E2E31EAB18D59DB100DEFD5B /* Images.xcassets in Resources */ = {isa = PBXBuildFile; fileRef = E2E31EAA18D59DB100DEFD5B /* Images.xcassets */; };
		E2E31EB218D59DB100DEFD5B /* XCTest.framework in Frameworks */ = {isa = PBXBuildFile; fileRef = E2E31EB118D59DB100DEFD5B /* XCTest.framework */; };
		E2E31EB318D59DB100DEFD5B /* Foundation.framework in Frameworks */ = {isa = PBXBuildFile; fileRef = E2E31E9218D59DB100DEFD5B /* Foundation.framework */; };
		E2E31EB418D59DB100DEFD5B /* UIKit.framework in Frameworks */ = {isa = PBXBuildFile; fileRef = E2E31E9618D59DB100DEFD5B /* UIKit.framework */; };
		E2E31EBC18D59DB100DEFD5B /* InfoPlist.strings in Resources */ = {isa = PBXBuildFile; fileRef = E2E31EBA18D59DB100DEFD5B /* InfoPlist.strings */; };
		E2E31EBE18D59DB100DEFD5B /* navigationcontrollerTests.m in Sources */ = {isa = PBXBuildFile; fileRef = E2E31EBD18D59DB100DEFD5B /* navigationcontrollerTests.m */; };
/* End PBXBuildFile section */

/* Begin PBXContainerItemProxy section */
		E2E31EB518D59DB100DEFD5B /* PBXContainerItemProxy */ = {
			isa = PBXContainerItemProxy;
			containerPortal = E2E31E8718D59DB100DEFD5B /* Project object */;
			proxyType = 1;
			remoteGlobalIDString = E2E31E8E18D59DB100DEFD5B;
			remoteInfo = navigationcontroller;
		};
/* End PBXContainerItemProxy section */

/* Begin PBXFileReference section */
		E2E31E8F18D59DB100DEFD5B /* navigationcontroller.app */ = {isa = PBXFileReference; explicitFileType = wrapper.application; includeInIndex = 0; path = navigationcontroller.app; sourceTree = BUILT_PRODUCTS_DIR; };
		E2E31E9218D59DB100DEFD5B /* Foundation.framework */ = {isa = PBXFileReference; lastKnownFileType = wrapper.framework; name = Foundation.framework; path = System/Library/Frameworks/Foundation.framework; sourceTree = SDKROOT; };
		E2E31E9418D59DB100DEFD5B /* CoreGraphics.framework */ = {isa = PBXFileReference; lastKnownFileType = wrapper.framework; name = CoreGraphics.framework; path = System/Library/Frameworks/CoreGraphics.framework; sourceTree = SDKROOT; };
		E2E31E9618D59DB100DEFD5B /* UIKit.framework */ = {isa = PBXFileReference; lastKnownFileType = wrapper.framework; name = UIKit.framework; path = System/Library/Frameworks/UIKit.framework; sourceTree = SDKROOT; };
		E2E31E9A18D59DB100DEFD5B /* navigationcontroller-Info.plist */ = {isa = PBXFileReference; lastKnownFileType = text.plist.xml; path = "navigationcontroller-Info.plist"; sourceTree = "<group>"; };
		E2E31E9C18D59DB100DEFD5B /* en */ = {isa = PBXFileReference; lastKnownFileType = text.plist.strings; name = en; path = en.lproj/InfoPlist.strings; sourceTree = "<group>"; };
		E2E31E9E18D59DB100DEFD5B /* main.m */ = {isa = PBXFileReference; lastKnownFileType = sourcecode.c.objc; path = main.m; sourceTree = "<group>"; };
		E2E31EA018D59DB100DEFD5B /* navigationcontroller-Prefix.pch */ = {isa = PBXFileReference; lastKnownFileType = sourcecode.c.h; path = "navigationcontroller-Prefix.pch"; sourceTree = "<group>"; };
		E2E31EA118D59DB100DEFD5B /* AppDelegate.h */ = {isa = PBXFileReference; lastKnownFileType = sourcecode.c.h; path = AppDelegate.h; sourceTree = "<group>"; };
		E2E31EA218D59DB100DEFD5B /* AppDelegate.m */ = {isa = PBXFileReference; lastKnownFileType = sourcecode.c.objc; path = AppDelegate.m; sourceTree = "<group>"; };
		E2E31EA518D59DB100DEFD5B /* Base */ = {isa = PBXFileReference; lastKnownFileType = file.storyboard; name = Base; path = Base.lproj/Main.storyboard; sourceTree = "<group>"; };
		E2E31EA718D59DB100DEFD5B /* ViewController.h */ = {isa = PBXFileReference; lastKnownFileType = sourcecode.c.h; path = ViewController.h; sourceTree = "<group>"; };
		E2E31EA818D59DB100DEFD5B /* ViewController.m */ = {isa = PBXFileReference; lastKnownFileType = sourcecode.c.objc; path = ViewController.m; sourceTree = "<group>"; };
		E2E31EAA18D59DB100DEFD5B /* Images.xcassets */ = {isa = PBXFileReference; lastKnownFileType = folder.assetcatalog; path = Images.xcassets; sourceTree = "<group>"; };
		E2E31EB018D59DB100DEFD5B /* navigationcontrollerTests.xctest */ = {isa = PBXFileReference; explicitFileType = wrapper.cfbundle; includeInIndex = 0; path = navigationcontrollerTests.xctest; sourceTree = BUILT_PRODUCTS_DIR; };
		E2E31EB118D59DB100DEFD5B /* XCTest.framework */ = {isa = PBXFileReference; lastKnownFileType = wrapper.framework; name = XCTest.framework; path = Library/Frameworks/XCTest.framework; sourceTree = DEVELOPER_DIR; };
		E2E31EB918D59DB100DEFD5B /* navigationcontrollerTests-Info.plist */ = {isa = PBXFileReference; lastKnownFileType = text.plist.xml; path = "navigationcontrollerTests-Info.plist"; sourceTree = "<group>"; };
		E2E31EBB18D59DB100DEFD5B /* en */ = {isa = PBXFileReference; lastKnownFileType = text.plist.strings; name = en; path = en.lproj/InfoPlist.strings; sourceTree = "<group>"; };
		E2E31EBD18D59DB100DEFD5B /* navigationcontrollerTests.m */ = {isa = PBXFileReference; lastKnownFileType = sourcecode.c.objc; path = navigationcontrollerTests.m; sourceTree = "<group>"; };
/* End PBXFileReference section */

/* Begin PBXFrameworksBuildPhase section */
		E2E31E8C18D59DB100DEFD5B /* Frameworks */ = {
			isa = PBXFrameworksBuildPhase;
			buildActionMask = 2147483647;
			files = (
				E2E31E9518D59DB100DEFD5B /* CoreGraphics.framework in Frameworks */,
				E2E31E9718D59DB100DEFD5B /* UIKit.framework in Frameworks */,
				E2E31E9318D59DB100DEFD5B /* Foundation.framework in Frameworks */,
			);
			runOnlyForDeploymentPostprocessing = 0;
		};
		E2E31EAD18D59DB100DEFD5B /* Frameworks */ = {
			isa = PBXFrameworksBuildPhase;
			buildActionMask = 2147483647;
			files = (
				E2E31EB218D59DB100DEFD5B /* XCTest.framework in Frameworks */,
				E2E31EB418D59DB100DEFD5B /* UIKit.framework in Frameworks */,
				E2E31EB318D59DB100DEFD5B /* Foundation.framework in Frameworks */,
			);
			runOnlyForDeploymentPostprocessing = 0;
		};
/* End PBXFrameworksBuildPhase section */

/* Begin PBXGroup section */
		E2E31E8618D59DB100DEFD5B = {
			isa = PBXGroup;
			children = (
				E2E31E9818D59DB100DEFD5B /* navigationcontroller */,
				E2E31EB718D59DB100DEFD5B /* navigationcontrollerTests */,
				E2E31E9118D59DB100DEFD5B /* Frameworks */,
				E2E31E9018D59DB100DEFD5B /* Products */,
			);
			sourceTree = "<group>";
		};
		E2E31E9018D59DB100DEFD5B /* Products */ = {
			isa = PBXGroup;
			children = (
				E2E31E8F18D59DB100DEFD5B /* navigationcontroller.app */,
				E2E31EB018D59DB100DEFD5B /* navigationcontrollerTests.xctest */,
			);
			name = Products;
			sourceTree = "<group>";
		};
		E2E31E9118D59DB100DEFD5B /* Frameworks */ = {
			isa = PBXGroup;
			children = (
				E2E31E9218D59DB100DEFD5B /* Foundation.framework */,
				E2E31E9418D59DB100DEFD5B /* CoreGraphics.framework */,
				E2E31E9618D59DB100DEFD5B /* UIKit.framework */,
				E2E31EB118D59DB100DEFD5B /* XCTest.framework */,
			);
			name = Frameworks;
			sourceTree = "<group>";
		};
		E2E31E9818D59DB100DEFD5B /* navigationcontroller */ = {
			isa = PBXGroup;
			children = (
				E2E31EA118D59DB100DEFD5B /* AppDelegate.h */,
				E2E31EA218D59DB100DEFD5B /* AppDelegate.m */,
				E2E31EA418D59DB100DEFD5B /* Main.storyboard */,
				E2E31EA718D59DB100DEFD5B /* ViewController.h */,
				E2E31EA818D59DB100DEFD5B /* ViewController.m */,
				E2E31EAA18D59DB100DEFD5B /* Images.xcassets */,
				E2E31E9918D59DB100DEFD5B /* Supporting Files */,
			);
			path = navigationcontroller;
			sourceTree = "<group>";
		};
		E2E31E9918D59DB100DEFD5B /* Supporting Files */ = {
			isa = PBXGroup;
			children = (
				E2E31E9A18D59DB100DEFD5B /* navigationcontroller-Info.plist */,
				E2E31E9B18D59DB100DEFD5B /* InfoPlist.strings */,
				E2E31E9E18D59DB100DEFD5B /* main.m */,
				E2E31EA018D59DB100DEFD5B /* navigationcontroller-Prefix.pch */,
			);
			name = "Supporting Files";
			sourceTree = "<group>";
		};
		E2E31EB718D59DB100DEFD5B /* navigationcontrollerTests */ = {
			isa = PBXGroup;
			children = (
				E2E31EBD18D59DB100DEFD5B /* navigationcontrollerTests.m */,
				E2E31EB818D59DB100DEFD5B /* Supporting Files */,
			);
			path = navigationcontrollerTests;
			sourceTree = "<group>";
		};
		E2E31EB818D59DB100DEFD5B /* Supporting Files */ = {
			isa = PBXGroup;
			children = (
				E2E31EB918D59DB100DEFD5B /* navigationcontrollerTests-Info.plist */,
				E2E31EBA18D59DB100DEFD5B /* InfoPlist.strings */,
			);
			name = "Supporting Files";
			sourceTree = "<group>";
		};
/* End PBXGroup section */

/* Begin PBXNativeTarget section */
		E2E31E8E18D59DB100DEFD5B /* navigationcontroller */ = {
			isa = PBXNativeTarget;
			buildConfigurationList = E2E31EC118D59DB100DEFD5B /* Build configuration list for PBXNativeTarget "navigationcontroller" */;
			buildPhases = (
				E2E31E8B18D59DB100DEFD5B /* Sources */,
				E2E31E8C18D59DB100DEFD5B /* Frameworks */,
				E2E31E8D18D59DB100DEFD5B /* Resources */,
			);
			buildRules = (
			);
			dependencies = (
			);
			name = navigationcontroller;
			productName = navigationcontroller;
			productReference = E2E31E8F18D59DB100DEFD5B /* navigationcontroller.app */;
			productType = "com.apple.product-type.application";
		};
		E2E31EAF18D59DB100DEFD5B /* navigationcontrollerTests */ = {
			isa = PBXNativeTarget;
			buildConfigurationList = E2E31EC418D59DB100DEFD5B /* Build configuration list for PBXNativeTarget "navigationcontrollerTests" */;
			buildPhases = (
				E2E31EAC18D59DB100DEFD5B /* Sources */,
				E2E31EAD18D59DB100DEFD5B /* Frameworks */,
				E2E31EAE18D59DB100DEFD5B /* Resources */,
			);
			buildRules = (
			);
			dependencies = (
				E2E31EB618D59DB100DEFD5B /* PBXTargetDependency */,
			);
			name = navigationcontrollerTests;
			productName = navigationcontrollerTests;
			productReference = E2E31EB018D59DB100DEFD5B /* navigationcontrollerTests.xctest */;
			productType = "com.apple.product-type.bundle.unit-test";
		};
/* End PBXNativeTarget section */

/* Begin PBXProject section */
		E2E31E8718D59DB100DEFD5B /* Project object */ = {
			isa = PBXProject;
			attributes = {
				LastUpgradeCheck = 0500;
				ORGANIZATIONNAME = "Yoshitaka Yamashita";
				TargetAttributes = {
					E2E31EAF18D59DB100DEFD5B = {
						TestTargetID = E2E31E8E18D59DB100DEFD5B;
					};
				};
			};
			buildConfigurationList = E2E31E8A18D59DB100DEFD5B /* Build configuration list for PBXProject "navigationcontroller" */;
			compatibilityVersion = "Xcode 3.2";
			developmentRegion = English;
			hasScannedForEncodings = 0;
			knownRegions = (
				en,
				Base,
			);
			mainGroup = E2E31E8618D59DB100DEFD5B;
			productRefGroup = E2E31E9018D59DB100DEFD5B /* Products */;
			projectDirPath = "";
			projectRoot = "";
			targets = (
				E2E31E8E18D59DB100DEFD5B /* navigationcontroller */,
				E2E31EAF18D59DB100DEFD5B /* navigationcontrollerTests */,
			);
		};
/* End PBXProject section */

/* Begin PBXResourcesBuildPhase section */
		E2E31E8D18D59DB100DEFD5B /* Resources */ = {
			isa = PBXResourcesBuildPhase;
			buildActionMask = 2147483647;
			files = (
				E2E31EAB18D59DB100DEFD5B /* Images.xcassets in Resources */,
				E2E31E9D18D59DB100DEFD5B /* InfoPlist.strings in Resources */,
				E2E31EA618D59DB100DEFD5B /* Main.storyboard in Resources */,
			);
			runOnlyForDeploymentPostprocessing = 0;
		};
		E2E31EAE18D59DB100DEFD5B /* Resources */ = {
			isa = PBXResourcesBuildPhase;
			buildActionMask = 2147483647;
			files = (
				E2E31EBC18D59DB100DEFD5B /* InfoPlist.strings in Resources */,
			);
			runOnlyForDeploymentPostprocessing = 0;
		};
/* End PBXResourcesBuildPhase section */

/* Begin PBXSourcesBuildPhase section */
		E2E31E8B18D59DB100DEFD5B /* Sources */ = {
			isa = PBXSourcesBuildPhase;
			buildActionMask = 2147483647;
			files = (
				E2E31EA918D59DB100DEFD5B /* ViewController.m in Sources */,
				E2E31EA318D59DB100DEFD5B /* AppDelegate.m in Sources */,
				E2E31E9F18D59DB100DEFD5B /* main.m in Sources */,
			);
			runOnlyForDeploymentPostprocessing = 0;
		};
		E2E31EAC18D59DB100DEFD5B /* Sources */ = {
			isa = PBXSourcesBuildPhase;
			buildActionMask = 2147483647;
			files = (
				E2E31EBE18D59DB100DEFD5B /* navigationcontrollerTests.m in Sources */,
			);
			runOnlyForDeploymentPostprocessing = 0;
		};
/* End PBXSourcesBuildPhase section */

/* Begin PBXTargetDependency section */
		E2E31EB618D59DB100DEFD5B /* PBXTargetDependency */ = {
			isa = PBXTargetDependency;
			target = E2E31E8E18D59DB100DEFD5B /* navigationcontroller */;
			targetProxy = E2E31EB518D59DB100DEFD5B /* PBXContainerItemProxy */;
		};
/* End PBXTargetDependency section */

/* Begin PBXVariantGroup section */
		E2E31E9B18D59DB100DEFD5B /* InfoPlist.strings */ = {
			isa = PBXVariantGroup;
			children = (
				E2E31E9C18D59DB100DEFD5B /* en */,
			);
			name = InfoPlist.strings;
			sourceTree = "<group>";
		};
		E2E31EA418D59DB100DEFD5B /* Main.storyboard */ = {
			isa = PBXVariantGroup;
			children = (
				E2E31EA518D59DB100DEFD5B /* Base */,
			);
			name = Main.storyboard;
			sourceTree = "<group>";
		};
		E2E31EBA18D59DB100DEFD5B /* InfoPlist.strings */ = {
			isa = PBXVariantGroup;
			children = (
				E2E31EBB18D59DB100DEFD5B /* en */,
			);
			name = InfoPlist.strings;
			sourceTree = "<group>";
		};
/* End PBXVariantGroup section */

/* Begin XCBuildConfiguration section */
		E2E31EBF18D59DB100DEFD5B /* Debug */ = {
			isa = XCBuildConfiguration;
			buildSettings = {
				ALWAYS_SEARCH_USER_PATHS = NO;
				ARCHS = "$(ARCHS_STANDARD_INCLUDING_64_BIT)";
				CLANG_CXX_LANGUAGE_STANDARD = "gnu++0x";
				CLANG_CXX_LIBRARY = "libc++";
				CLANG_ENABLE_MODULES = YES;
				CLANG_ENABLE_OBJC_ARC = YES;
				CLANG_WARN_BOOL_CONVERSION = YES;
				CLANG_WARN_CONSTANT_CONVERSION = YES;
				CLANG_WARN_DIRECT_OBJC_ISA_USAGE = YES_ERROR;
				CLANG_WARN_EMPTY_BODY = YES;
				CLANG_WARN_ENUM_CONVERSION = YES;
				CLANG_WARN_INT_CONVERSION = YES;
				CLANG_WARN_OBJC_ROOT_CLASS = YES_ERROR;
				CLANG_WARN__DUPLICATE_METHOD_MATCH = YES;
				"CODE_SIGN_IDENTITY[sdk=iphoneos*]" = "iPhone Developer";
				COPY_PHASE_STRIP = NO;
				GCC_C_LANGUAGE_STANDARD = gnu99;
				GCC_DYNAMIC_NO_PIC = NO;
				GCC_OPTIMIZATION_LEVEL = 0;
				GCC_PREPROCESSOR_DEFINITIONS = (
					"DEBUG=1",
					"$(inherited)",
				);
				GCC_SYMBOLS_PRIVATE_EXTERN = NO;
				GCC_WARN_64_TO_32_BIT_CONVERSION = YES;
				GCC_WARN_ABOUT_RETURN_TYPE = YES_ERROR;
				GCC_WARN_UNDECLARED_SELECTOR = YES;
				GCC_WARN_UNINITIALIZED_AUTOS = YES;
				GCC_WARN_UNUSED_FUNCTION = YES;
				GCC_WARN_UNUSED_VARIABLE = YES;
				IPHONEOS_DEPLOYMENT_TARGET = 7.0;
				ONLY_ACTIVE_ARCH = YES;
				SDKROOT = iphoneos;
			};
			name = Debug;
		};
		E2E31EC018D59DB100DEFD5B /* Release */ = {
			isa = XCBuildConfiguration;
			buildSettings = {
				ALWAYS_SEARCH_USER_PATHS = NO;
				ARCHS = "$(ARCHS_STANDARD_INCLUDING_64_BIT)";
				CLANG_CXX_LANGUAGE_STANDARD = "gnu++0x";
				CLANG_CXX_LIBRARY = "libc++";
				CLANG_ENABLE_MODULES = YES;
				CLANG_ENABLE_OBJC_ARC = YES;
				CLANG_WARN_BOOL_CONVERSION = YES;
				CLANG_WARN_CONSTANT_CONVERSION = YES;
				CLANG_WARN_DIRECT_OBJC_ISA_USAGE = YES_ERROR;
				CLANG_WARN_EMPTY_BODY = YES;
				CLANG_WARN_ENUM_CONVERSION = YES;
				CLANG_WARN_INT_CONVERSION = YES;
				CLANG_WARN_OBJC_ROOT_CLASS = YES_ERROR;
				CLANG_WARN__DUPLICATE_METHOD_MATCH = YES;
				"CODE_SIGN_IDENTITY[sdk=iphoneos*]" = "iPhone Developer";
				COPY_PHASE_STRIP = YES;
				ENABLE_NS_ASSERTIONS = NO;
				GCC_C_LANGUAGE_STANDARD = gnu99;
				GCC_WARN_64_TO_32_BIT_CONVERSION = YES;
				GCC_WARN_ABOUT_RETURN_TYPE = YES_ERROR;
				GCC_WARN_UNDECLARED_SELECTOR = YES;
				GCC_WARN_UNINITIALIZED_AUTOS = YES;
				GCC_WARN_UNUSED_FUNCTION = YES;
				GCC_WARN_UNUSED_VARIABLE = YES;
				IPHONEOS_DEPLOYMENT_TARGET = 7.0;
				SDKROOT = iphoneos;
				VALIDATE_PRODUCT = YES;
			};
			name = Release;
		};
		E2E31EC218D59DB100DEFD5B /* Debug */ = {
			isa = XCBuildConfiguration;
			buildSettings = {
				ASSETCATALOG_COMPILER_APPICON_NAME = AppIcon;
				ASSETCATALOG_COMPILER_LAUNCHIMAGE_NAME = LaunchImage;
				GCC_PRECOMPILE_PREFIX_HEADER = YES;
				GCC_PREFIX_HEADER = "navigationcontroller/navigationcontroller-Prefix.pch";
				INFOPLIST_FILE = "navigationcontroller/navigationcontroller-Info.plist";
				PRODUCT_NAME = "$(TARGET_NAME)";
				WRAPPER_EXTENSION = app;
			};
			name = Debug;
		};
		E2E31EC318D59DB100DEFD5B /* Release */ = {
			isa = XCBuildConfiguration;
			buildSettings = {
				ASSETCATALOG_COMPILER_APPICON_NAME = AppIcon;
				ASSETCATALOG_COMPILER_LAUNCHIMAGE_NAME = LaunchImage;
				GCC_PRECOMPILE_PREFIX_HEADER = YES;
				GCC_PREFIX_HEADER = "navigationcontroller/navigationcontroller-Prefix.pch";
				INFOPLIST_FILE = "navigationcontroller/navigationcontroller-Info.plist";
				PRODUCT_NAME = "$(TARGET_NAME)";
				WRAPPER_EXTENSION = app;
			};
			name = Release;
		};
		E2E31EC518D59DB100DEFD5B /* Debug */ = {
			isa = XCBuildConfiguration;
			buildSettings = {
				ARCHS = "$(ARCHS_STANDARD_INCLUDING_64_BIT)";
				BUNDLE_LOADER = "$(BUILT_PRODUCTS_DIR)/navigationcontroller.app/navigationcontroller";
				FRAMEWORK_SEARCH_PATHS = (
					"$(SDKROOT)/Developer/Library/Frameworks",
					"$(inherited)",
					"$(DEVELOPER_FRAMEWORKS_DIR)",
				);
				GCC_PRECOMPILE_PREFIX_HEADER = YES;
				GCC_PREFIX_HEADER = "navigationcontroller/navigationcontroller-Prefix.pch";
				GCC_PREPROCESSOR_DEFINITIONS = (
					"DEBUG=1",
					"$(inherited)",
				);
				INFOPLIST_FILE = "navigationcontrollerTests/navigationcontrollerTests-Info.plist";
				PRODUCT_NAME = "$(TARGET_NAME)";
				TEST_HOST = "$(BUNDLE_LOADER)";
				WRAPPER_EXTENSION = xctest;
			};
			name = Debug;
		};
		E2E31EC618D59DB100DEFD5B /* Release */ = {
			isa = XCBuildConfiguration;
			buildSettings = {
				ARCHS = "$(ARCHS_STANDARD_INCLUDING_64_BIT)";
				BUNDLE_LOADER = "$(BUILT_PRODUCTS_DIR)/navigationcontroller.app/navigationcontroller";
				FRAMEWORK_SEARCH_PATHS = (
					"$(SDKROOT)/Developer/Library/Frameworks",
					"$(inherited)",
					"$(DEVELOPER_FRAMEWORKS_DIR)",
				);
				GCC_PRECOMPILE_PREFIX_HEADER = YES;
				GCC_PREFIX_HEADER = "navigationcontroller/navigationcontroller-Prefix.pch";
				INFOPLIST_FILE = "navigationcontrollerTests/navigationcontrollerTests-Info.plist";
				PRODUCT_NAME = "$(TARGET_NAME)";
				TEST_HOST = "$(BUNDLE_LOADER)";
				WRAPPER_EXTENSION = xctest;
			};
			name = Release;
		};
/* End XCBuildConfiguration section */

/* Begin XCConfigurationList section */
		E2E31E8A18D59DB100DEFD5B /* Build configuration list for PBXProject "navigationcontroller" */ = {
			isa = XCConfigurationList;
			buildConfigurations = (
				E2E31EBF18D59DB100DEFD5B /* Debug */,
				E2E31EC018D59DB100DEFD5B /* Release */,
			);
			defaultConfigurationIsVisible = 0;
			defaultConfigurationName = Release;
		};
		E2E31EC118D59DB100DEFD5B /* Build configuration list for PBXNativeTarget "navigationcontroller" */ = {
			isa = XCConfigurationList;
			buildConfigurations = (
				E2E31EC218D59DB100DEFD5B /* Debug */,
				E2E31EC318D59DB100DEFD5B /* Release */,
			);
			defaultConfigurationIsVisible = 0;
		};
		E2E31EC418D59DB100DEFD5B /* Build configuration list for PBXNativeTarget "navigationcontrollerTests" */ = {
			isa = XCConfigurationList;
			buildConfigurations = (
				E2E31EC518D59DB100DEFD5B /* Debug */,
				E2E31EC618D59DB100DEFD5B /* Release */,
			);
			defaultConfigurationIsVisible = 0;
		};
/* End XCConfigurationList section */
	};
	rootObject = E2E31E8718D59DB100DEFD5B /* Project object */;
}
