// !$*UTF8*$!
{
	archiveVersion = 1;
	classes = {
	};
	objectVersion = 46;
	objects = {

/* Begin PBXBuildFile section */
		E28AD9A318D5C9970061CDF2 /* Foundation.framework in Frameworks */ = {isa = PBXBuildFile; fileRef = E28AD9A218D5C9970061CDF2 /* Foundation.framework */; };
		E28AD9A518D5C9970061CDF2 /* CoreGraphics.framework in Frameworks */ = {isa = PBXBuildFile; fileRef = E28AD9A418D5C9970061CDF2 /* CoreGraphics.framework */; };
		E28AD9A718D5C9970061CDF2 /* UIKit.framework in Frameworks */ = {isa = PBXBuildFile; fileRef = E28AD9A618D5C9970061CDF2 /* UIKit.framework */; };
		E28AD9AD18D5C9970061CDF2 /* InfoPlist.strings in Resources */ = {isa = PBXBuildFile; fileRef = E28AD9AB18D5C9970061CDF2 /* InfoPlist.strings */; };
		E28AD9AF18D5C9970061CDF2 /* main.m in Sources */ = {isa = PBXBuildFile; fileRef = E28AD9AE18D5C9970061CDF2 /* main.m */; };
		E28AD9B318D5C9970061CDF2 /* AppDelegate.m in Sources */ = {isa = PBXBuildFile; fileRef = E28AD9B218D5C9970061CDF2 /* AppDelegate.m */; };
		E28AD9B618D5C9970061CDF2 /* Main.storyboard in Resources */ = {isa = PBXBuildFile; fileRef = E28AD9B418D5C9970061CDF2 /* Main.storyboard */; };
		E28AD9B918D5C9970061CDF2 /* ViewController.m in Sources */ = {isa = PBXBuildFile; fileRef = E28AD9B818D5C9970061CDF2 /* ViewController.m */; };
		E28AD9BB18D5C9970061CDF2 /* Images.xcassets in Resources */ = {isa = PBXBuildFile; fileRef = E28AD9BA18D5C9970061CDF2 /* Images.xcassets */; };
		E28AD9C218D5C9970061CDF2 /* XCTest.framework in Frameworks */ = {isa = PBXBuildFile; fileRef = E28AD9C118D5C9970061CDF2 /* XCTest.framework */; };
		E28AD9C318D5C9970061CDF2 /* Foundation.framework in Frameworks */ = {isa = PBXBuildFile; fileRef = E28AD9A218D5C9970061CDF2 /* Foundation.framework */; };
		E28AD9C418D5C9970061CDF2 /* UIKit.framework in Frameworks */ = {isa = PBXBuildFile; fileRef = E28AD9A618D5C9970061CDF2 /* UIKit.framework */; };
		E28AD9CC18D5C9970061CDF2 /* InfoPlist.strings in Resources */ = {isa = PBXBuildFile; fileRef = E28AD9CA18D5C9970061CDF2 /* InfoPlist.strings */; };
		E28AD9CE18D5C9970061CDF2 /* stepsTests.m in Sources */ = {isa = PBXBuildFile; fileRef = E28AD9CD18D5C9970061CDF2 /* stepsTests.m */; };
		E28AD9D818D5C9A20061CDF2 /* CoreMotion.framework in Frameworks */ = {isa = PBXBuildFile; fileRef = E28AD9D718D5C9A20061CDF2 /* CoreMotion.framework */; };
/* End PBXBuildFile section */

/* Begin PBXContainerItemProxy section */
		E28AD9C518D5C9970061CDF2 /* PBXContainerItemProxy */ = {
			isa = PBXContainerItemProxy;
			containerPortal = E28AD99718D5C9970061CDF2 /* Project object */;
			proxyType = 1;
			remoteGlobalIDString = E28AD99E18D5C9970061CDF2;
			remoteInfo = steps;
		};
/* End PBXContainerItemProxy section */

/* Begin PBXFileReference section */
		E28AD99F18D5C9970061CDF2 /* steps.app */ = {isa = PBXFileReference; explicitFileType = wrapper.application; includeInIndex = 0; path = steps.app; sourceTree = BUILT_PRODUCTS_DIR; };
		E28AD9A218D5C9970061CDF2 /* Foundation.framework */ = {isa = PBXFileReference; lastKnownFileType = wrapper.framework; name = Foundation.framework; path = System/Library/Frameworks/Foundation.framework; sourceTree = SDKROOT; };
		E28AD9A418D5C9970061CDF2 /* CoreGraphics.framework */ = {isa = PBXFileReference; lastKnownFileType = wrapper.framework; name = CoreGraphics.framework; path = System/Library/Frameworks/CoreGraphics.framework; sourceTree = SDKROOT; };
		E28AD9A618D5C9970061CDF2 /* UIKit.framework */ = {isa = PBXFileReference; lastKnownFileType = wrapper.framework; name = UIKit.framework; path = System/Library/Frameworks/UIKit.framework; sourceTree = SDKROOT; };
		E28AD9AA18D5C9970061CDF2 /* steps-Info.plist */ = {isa = PBXFileReference; lastKnownFileType = text.plist.xml; path = "steps-Info.plist"; sourceTree = "<group>"; };
		E28AD9AC18D5C9970061CDF2 /* en */ = {isa = PBXFileReference; lastKnownFileType = text.plist.strings; name = en; path = en.lproj/InfoPlist.strings; sourceTree = "<group>"; };
		E28AD9AE18D5C9970061CDF2 /* main.m */ = {isa = PBXFileReference; lastKnownFileType = sourcecode.c.objc; path = main.m; sourceTree = "<group>"; };
		E28AD9B018D5C9970061CDF2 /* steps-Prefix.pch */ = {isa = PBXFileReference; lastKnownFileType = sourcecode.c.h; path = "steps-Prefix.pch"; sourceTree = "<group>"; };
		E28AD9B118D5C9970061CDF2 /* AppDelegate.h */ = {isa = PBXFileReference; lastKnownFileType = sourcecode.c.h; path = AppDelegate.h; sourceTree = "<group>"; };
		E28AD9B218D5C9970061CDF2 /* AppDelegate.m */ = {isa = PBXFileReference; lastKnownFileType = sourcecode.c.objc; path = AppDelegate.m; sourceTree = "<group>"; };
		E28AD9B518D5C9970061CDF2 /* Base */ = {isa = PBXFileReference; lastKnownFileType = file.storyboard; name = Base; path = Base.lproj/Main.storyboard; sourceTree = "<group>"; };
		E28AD9B718D5C9970061CDF2 /* ViewController.h */ = {isa = PBXFileReference; lastKnownFileType = sourcecode.c.h; path = ViewController.h; sourceTree = "<group>"; };
		E28AD9B818D5C9970061CDF2 /* ViewController.m */ = {isa = PBXFileReference; lastKnownFileType = sourcecode.c.objc; path = ViewController.m; sourceTree = "<group>"; };
		E28AD9BA18D5C9970061CDF2 /* Images.xcassets */ = {isa = PBXFileReference; lastKnownFileType = folder.assetcatalog; path = Images.xcassets; sourceTree = "<group>"; };
		E28AD9C018D5C9970061CDF2 /* stepsTests.xctest */ = {isa = PBXFileReference; explicitFileType = wrapper.cfbundle; includeInIndex = 0; path = stepsTests.xctest; sourceTree = BUILT_PRODUCTS_DIR; };
		E28AD9C118D5C9970061CDF2 /* XCTest.framework */ = {isa = PBXFileReference; lastKnownFileType = wrapper.framework; name = XCTest.framework; path = Library/Frameworks/XCTest.framework; sourceTree = DEVELOPER_DIR; };
		E28AD9C918D5C9970061CDF2 /* stepsTests-Info.plist */ = {isa = PBXFileReference; lastKnownFileType = text.plist.xml; path = "stepsTests-Info.plist"; sourceTree = "<group>"; };
		E28AD9CB18D5C9970061CDF2 /* en */ = {isa = PBXFileReference; lastKnownFileType = text.plist.strings; name = en; path = en.lproj/InfoPlist.strings; sourceTree = "<group>"; };
		E28AD9CD18D5C9970061CDF2 /* stepsTests.m */ = {isa = PBXFileReference; lastKnownFileType = sourcecode.c.objc; path = stepsTests.m; sourceTree = "<group>"; };
		E28AD9D718D5C9A20061CDF2 /* CoreMotion.framework */ = {isa = PBXFileReference; lastKnownFileType = wrapper.framework; name = CoreMotion.framework; path = System/Library/Frameworks/CoreMotion.framework; sourceTree = SDKROOT; };
/* End PBXFileReference section */

/* Begin PBXFrameworksBuildPhase section */
		E28AD99C18D5C9970061CDF2 /* Frameworks */ = {
			isa = PBXFrameworksBuildPhase;
			buildActionMask = 2147483647;
			files = (
				E28AD9D818D5C9A20061CDF2 /* CoreMotion.framework in Frameworks */,
				E28AD9A518D5C9970061CDF2 /* CoreGraphics.framework in Frameworks */,
				E28AD9A718D5C9970061CDF2 /* UIKit.framework in Frameworks */,
				E28AD9A318D5C9970061CDF2 /* Foundation.framework in Frameworks */,
			);
			runOnlyForDeploymentPostprocessing = 0;
		};
		E28AD9BD18D5C9970061CDF2 /* Frameworks */ = {
			isa = PBXFrameworksBuildPhase;
			buildActionMask = 2147483647;
			files = (
				E28AD9C218D5C9970061CDF2 /* XCTest.framework in Frameworks */,
				E28AD9C418D5C9970061CDF2 /* UIKit.framework in Frameworks */,
				E28AD9C318D5C9970061CDF2 /* Foundation.framework in Frameworks */,
			);
			runOnlyForDeploymentPostprocessing = 0;
		};
/* End PBXFrameworksBuildPhase section */

/* Begin PBXGroup section */
		E28AD99618D5C9970061CDF2 = {
			isa = PBXGroup;
			children = (
				E28AD9A818D5C9970061CDF2 /* steps */,
				E28AD9C718D5C9970061CDF2 /* stepsTests */,
				E28AD9A118D5C9970061CDF2 /* Frameworks */,
				E28AD9A018D5C9970061CDF2 /* Products */,
			);
			sourceTree = "<group>";
		};
		E28AD9A018D5C9970061CDF2 /* Products */ = {
			isa = PBXGroup;
			children = (
				E28AD99F18D5C9970061CDF2 /* steps.app */,
				E28AD9C018D5C9970061CDF2 /* stepsTests.xctest */,
			);
			name = Products;
			sourceTree = "<group>";
		};
		E28AD9A118D5C9970061CDF2 /* Frameworks */ = {
			isa = PBXGroup;
			children = (
				E28AD9D718D5C9A20061CDF2 /* CoreMotion.framework */,
				E28AD9A218D5C9970061CDF2 /* Foundation.framework */,
				E28AD9A418D5C9970061CDF2 /* CoreGraphics.framework */,
				E28AD9A618D5C9970061CDF2 /* UIKit.framework */,
				E28AD9C118D5C9970061CDF2 /* XCTest.framework */,
			);
			name = Frameworks;
			sourceTree = "<group>";
		};
		E28AD9A818D5C9970061CDF2 /* steps */ = {
			isa = PBXGroup;
			children = (
				E28AD9B118D5C9970061CDF2 /* AppDelegate.h */,
				E28AD9B218D5C9970061CDF2 /* AppDelegate.m */,
				E28AD9B418D5C9970061CDF2 /* Main.storyboard */,
				E28AD9B718D5C9970061CDF2 /* ViewController.h */,
				E28AD9B818D5C9970061CDF2 /* ViewController.m */,
				E28AD9BA18D5C9970061CDF2 /* Images.xcassets */,
				E28AD9A918D5C9970061CDF2 /* Supporting Files */,
			);
			path = steps;
			sourceTree = "<group>";
		};
		E28AD9A918D5C9970061CDF2 /* Supporting Files */ = {
			isa = PBXGroup;
			children = (
				E28AD9AA18D5C9970061CDF2 /* steps-Info.plist */,
				E28AD9AB18D5C9970061CDF2 /* InfoPlist.strings */,
				E28AD9AE18D5C9970061CDF2 /* main.m */,
				E28AD9B018D5C9970061CDF2 /* steps-Prefix.pch */,
			);
			name = "Supporting Files";
			sourceTree = "<group>";
		};
		E28AD9C718D5C9970061CDF2 /* stepsTests */ = {
			isa = PBXGroup;
			children = (
				E28AD9CD18D5C9970061CDF2 /* stepsTests.m */,
				E28AD9C818D5C9970061CDF2 /* Supporting Files */,
			);
			path = stepsTests;
			sourceTree = "<group>";
		};
		E28AD9C818D5C9970061CDF2 /* Supporting Files */ = {
			isa = PBXGroup;
			children = (
				E28AD9C918D5C9970061CDF2 /* stepsTests-Info.plist */,
				E28AD9CA18D5C9970061CDF2 /* InfoPlist.strings */,
			);
			name = "Supporting Files";
			sourceTree = "<group>";
		};
/* End PBXGroup section */

/* Begin PBXNativeTarget section */
		E28AD99E18D5C9970061CDF2 /* steps */ = {
			isa = PBXNativeTarget;
			buildConfigurationList = E28AD9D118D5C9970061CDF2 /* Build configuration list for PBXNativeTarget "steps" */;
			buildPhases = (
				E28AD99B18D5C9970061CDF2 /* Sources */,
				E28AD99C18D5C9970061CDF2 /* Frameworks */,
				E28AD99D18D5C9970061CDF2 /* Resources */,
			);
			buildRules = (
			);
			dependencies = (
			);
			name = steps;
			productName = steps;
			productReference = E28AD99F18D5C9970061CDF2 /* steps.app */;
			productType = "com.apple.product-type.application";
		};
		E28AD9BF18D5C9970061CDF2 /* stepsTests */ = {
			isa = PBXNativeTarget;
			buildConfigurationList = E28AD9D418D5C9970061CDF2 /* Build configuration list for PBXNativeTarget "stepsTests" */;
			buildPhases = (
				E28AD9BC18D5C9970061CDF2 /* Sources */,
				E28AD9BD18D5C9970061CDF2 /* Frameworks */,
				E28AD9BE18D5C9970061CDF2 /* Resources */,
			);
			buildRules = (
			);
			dependencies = (
				E28AD9C618D5C9970061CDF2 /* PBXTargetDependency */,
			);
			name = stepsTests;
			productName = stepsTests;
			productReference = E28AD9C018D5C9970061CDF2 /* stepsTests.xctest */;
			productType = "com.apple.product-type.bundle.unit-test";
		};
/* End PBXNativeTarget section */

/* Begin PBXProject section */
		E28AD99718D5C9970061CDF2 /* Project object */ = {
			isa = PBXProject;
			attributes = {
				LastUpgradeCheck = 0500;
				ORGANIZATIONNAME = "Yoshitaka Yamashita";
				TargetAttributes = {
					E28AD9BF18D5C9970061CDF2 = {
						TestTargetID = E28AD99E18D5C9970061CDF2;
					};
				};
			};
			buildConfigurationList = E28AD99A18D5C9970061CDF2 /* Build configuration list for PBXProject "steps" */;
			compatibilityVersion = "Xcode 3.2";
			developmentRegion = English;
			hasScannedForEncodings = 0;
			knownRegions = (
				en,
				Base,
			);
			mainGroup = E28AD99618D5C9970061CDF2;
			productRefGroup = E28AD9A018D5C9970061CDF2 /* Products */;
			projectDirPath = "";
			projectRoot = "";
			targets = (
				E28AD99E18D5C9970061CDF2 /* steps */,
				E28AD9BF18D5C9970061CDF2 /* stepsTests */,
			);
		};
/* End PBXProject section */

/* Begin PBXResourcesBuildPhase section */
		E28AD99D18D5C9970061CDF2 /* Resources */ = {
			isa = PBXResourcesBuildPhase;
			buildActionMask = 2147483647;
			files = (
				E28AD9BB18D5C9970061CDF2 /* Images.xcassets in Resources */,
				E28AD9AD18D5C9970061CDF2 /* InfoPlist.strings in Resources */,
				E28AD9B618D5C9970061CDF2 /* Main.storyboard in Resources */,
			);
			runOnlyForDeploymentPostprocessing = 0;
		};
		E28AD9BE18D5C9970061CDF2 /* Resources */ = {
			isa = PBXResourcesBuildPhase;
			buildActionMask = 2147483647;
			files = (
				E28AD9CC18D5C9970061CDF2 /* InfoPlist.strings in Resources */,
			);
			runOnlyForDeploymentPostprocessing = 0;
		};
/* End PBXResourcesBuildPhase section */

/* Begin PBXSourcesBuildPhase section */
		E28AD99B18D5C9970061CDF2 /* Sources */ = {
			isa = PBXSourcesBuildPhase;
			buildActionMask = 2147483647;
			files = (
				E28AD9B918D5C9970061CDF2 /* ViewController.m in Sources */,
				E28AD9B318D5C9970061CDF2 /* AppDelegate.m in Sources */,
				E28AD9AF18D5C9970061CDF2 /* main.m in Sources */,
			);
			runOnlyForDeploymentPostprocessing = 0;
		};
		E28AD9BC18D5C9970061CDF2 /* Sources */ = {
			isa = PBXSourcesBuildPhase;
			buildActionMask = 2147483647;
			files = (
				E28AD9CE18D5C9970061CDF2 /* stepsTests.m in Sources */,
			);
			runOnlyForDeploymentPostprocessing = 0;
		};
/* End PBXSourcesBuildPhase section */

/* Begin PBXTargetDependency section */
		E28AD9C618D5C9970061CDF2 /* PBXTargetDependency */ = {
			isa = PBXTargetDependency;
			target = E28AD99E18D5C9970061CDF2 /* steps */;
			targetProxy = E28AD9C518D5C9970061CDF2 /* PBXContainerItemProxy */;
		};
/* End PBXTargetDependency section */

/* Begin PBXVariantGroup section */
		E28AD9AB18D5C9970061CDF2 /* InfoPlist.strings */ = {
			isa = PBXVariantGroup;
			children = (
				E28AD9AC18D5C9970061CDF2 /* en */,
			);
			name = InfoPlist.strings;
			sourceTree = "<group>";
		};
		E28AD9B418D5C9970061CDF2 /* Main.storyboard */ = {
			isa = PBXVariantGroup;
			children = (
				E28AD9B518D5C9970061CDF2 /* Base */,
			);
			name = Main.storyboard;
			sourceTree = "<group>";
		};
		E28AD9CA18D5C9970061CDF2 /* InfoPlist.strings */ = {
			isa = PBXVariantGroup;
			children = (
				E28AD9CB18D5C9970061CDF2 /* en */,
			);
			name = InfoPlist.strings;
			sourceTree = "<group>";
		};
/* End PBXVariantGroup section */

/* Begin XCBuildConfiguration section */
		E28AD9CF18D5C9970061CDF2 /* Debug */ = {
			isa = XCBuildConfiguration;
			buildSettings = {
				ALWAYS_SEARCH_USER_PATHS = NO;
				ARCHS = "$(ARCHS_STANDARD_INCLUDING_64_BIT)";
				CLANG_CXX_LANGUAGE_STANDARD = "gnu++0x";
				CLANG_CXX_LIBRARY = "libc++";
				CLANG_ENABLE_MODULES = YES;
				CLANG_ENABLE_OBJC_ARC = YES;
				CLANG_WARN_BOOL_CONVERSION = YES;
				CLANG_WARN_CONSTANT_CONVERSION = YES;
				CLANG_WARN_DIRECT_OBJC_ISA_USAGE = YES_ERROR;
				CLANG_WARN_EMPTY_BODY = YES;
				CLANG_WARN_ENUM_CONVERSION = YES;
				CLANG_WARN_INT_CONVERSION = YES;
				CLANG_WARN_OBJC_ROOT_CLASS = YES_ERROR;
				CLANG_WARN__DUPLICATE_METHOD_MATCH = YES;
				"CODE_SIGN_IDENTITY[sdk=iphoneos*]" = "iPhone Developer";
				COPY_PHASE_STRIP = NO;
				GCC_C_LANGUAGE_STANDARD = gnu99;
				GCC_DYNAMIC_NO_PIC = NO;
				GCC_OPTIMIZATION_LEVEL = 0;
				GCC_PREPROCESSOR_DEFINITIONS = (
					"DEBUG=1",
					"$(inherited)",
				);
				GCC_SYMBOLS_PRIVATE_EXTERN = NO;
				GCC_WARN_64_TO_32_BIT_CONVERSION = YES;
				GCC_WARN_ABOUT_RETURN_TYPE = YES_ERROR;
				GCC_WARN_UNDECLARED_SELECTOR = YES;
				GCC_WARN_UNINITIALIZED_AUTOS = YES;
				GCC_WARN_UNUSED_FUNCTION = YES;
				GCC_WARN_UNUSED_VARIABLE = YES;
				IPHONEOS_DEPLOYMENT_TARGET = 7.0;
				ONLY_ACTIVE_ARCH = YES;
				SDKROOT = iphoneos;
			};
			name = Debug;
		};
		E28AD9D018D5C9970061CDF2 /* Release */ = {
			isa = XCBuildConfiguration;
			buildSettings = {
				ALWAYS_SEARCH_USER_PATHS = NO;
				ARCHS = "$(ARCHS_STANDARD_INCLUDING_64_BIT)";
				CLANG_CXX_LANGUAGE_STANDARD = "gnu++0x";
				CLANG_CXX_LIBRARY = "libc++";
				CLANG_ENABLE_MODULES = YES;
				CLANG_ENABLE_OBJC_ARC = YES;
				CLANG_WARN_BOOL_CONVERSION = YES;
				CLANG_WARN_CONSTANT_CONVERSION = YES;
				CLANG_WARN_DIRECT_OBJC_ISA_USAGE = YES_ERROR;
				CLANG_WARN_EMPTY_BODY = YES;
				CLANG_WARN_ENUM_CONVERSION = YES;
				CLANG_WARN_INT_CONVERSION = YES;
				CLANG_WARN_OBJC_ROOT_CLASS = YES_ERROR;
				CLANG_WARN__DUPLICATE_METHOD_MATCH = YES;
				"CODE_SIGN_IDENTITY[sdk=iphoneos*]" = "iPhone Developer";
				COPY_PHASE_STRIP = YES;
				ENABLE_NS_ASSERTIONS = NO;
				GCC_C_LANGUAGE_STANDARD = gnu99;
				GCC_WARN_64_TO_32_BIT_CONVERSION = YES;
				GCC_WARN_ABOUT_RETURN_TYPE = YES_ERROR;
				GCC_WARN_UNDECLARED_SELECTOR = YES;
				GCC_WARN_UNINITIALIZED_AUTOS = YES;
				GCC_WARN_UNUSED_FUNCTION = YES;
				GCC_WARN_UNUSED_VARIABLE = YES;
				IPHONEOS_DEPLOYMENT_TARGET = 7.0;
				SDKROOT = iphoneos;
				VALIDATE_PRODUCT = YES;
			};
			name = Release;
		};
		E28AD9D218D5C9970061CDF2 /* Debug */ = {
			isa = XCBuildConfiguration;
			buildSettings = {
				ASSETCATALOG_COMPILER_APPICON_NAME = AppIcon;
				ASSETCATALOG_COMPILER_LAUNCHIMAGE_NAME = LaunchImage;
				GCC_PRECOMPILE_PREFIX_HEADER = YES;
				GCC_PREFIX_HEADER = "steps/steps-Prefix.pch";
				INFOPLIST_FILE = "steps/steps-Info.plist";
				PRODUCT_NAME = "$(TARGET_NAME)";
				WRAPPER_EXTENSION = app;
			};
			name = Debug;
		};
		E28AD9D318D5C9970061CDF2 /* Release */ = {
			isa = XCBuildConfiguration;
			buildSettings = {
				ASSETCATALOG_COMPILER_APPICON_NAME = AppIcon;
				ASSETCATALOG_COMPILER_LAUNCHIMAGE_NAME = LaunchImage;
				GCC_PRECOMPILE_PREFIX_HEADER = YES;
				GCC_PREFIX_HEADER = "steps/steps-Prefix.pch";
				INFOPLIST_FILE = "steps/steps-Info.plist";
				PRODUCT_NAME = "$(TARGET_NAME)";
				WRAPPER_EXTENSION = app;
			};
			name = Release;
		};
		E28AD9D518D5C9970061CDF2 /* Debug */ = {
			isa = XCBuildConfiguration;
			buildSettings = {
				ARCHS = "$(ARCHS_STANDARD_INCLUDING_64_BIT)";
				BUNDLE_LOADER = "$(BUILT_PRODUCTS_DIR)/steps.app/steps";
				FRAMEWORK_SEARCH_PATHS = (
					"$(SDKROOT)/Developer/Library/Frameworks",
					"$(inherited)",
					"$(DEVELOPER_FRAMEWORKS_DIR)",
				);
				GCC_PRECOMPILE_PREFIX_HEADER = YES;
				GCC_PREFIX_HEADER = "steps/steps-Prefix.pch";
				GCC_PREPROCESSOR_DEFINITIONS = (
					"DEBUG=1",
					"$(inherited)",
				);
				INFOPLIST_FILE = "stepsTests/stepsTests-Info.plist";
				PRODUCT_NAME = "$(TARGET_NAME)";
				TEST_HOST = "$(BUNDLE_LOADER)";
				WRAPPER_EXTENSION = xctest;
			};
			name = Debug;
		};
		E28AD9D618D5C9970061CDF2 /* Release */ = {
			isa = XCBuildConfiguration;
			buildSettings = {
				ARCHS = "$(ARCHS_STANDARD_INCLUDING_64_BIT)";
				BUNDLE_LOADER = "$(BUILT_PRODUCTS_DIR)/steps.app/steps";
				FRAMEWORK_SEARCH_PATHS = (
					"$(SDKROOT)/Developer/Library/Frameworks",
					"$(inherited)",
					"$(DEVELOPER_FRAMEWORKS_DIR)",
				);
				GCC_PRECOMPILE_PREFIX_HEADER = YES;
				GCC_PREFIX_HEADER = "steps/steps-Prefix.pch";
				INFOPLIST_FILE = "stepsTests/stepsTests-Info.plist";
				PRODUCT_NAME = "$(TARGET_NAME)";
				TEST_HOST = "$(BUNDLE_LOADER)";
				WRAPPER_EXTENSION = xctest;
			};
			name = Release;
		};
/* End XCBuildConfiguration section */

/* Begin XCConfigurationList section */
		E28AD99A18D5C9970061CDF2 /* Build configuration list for PBXProject "steps" */ = {
			isa = XCConfigurationList;
			buildConfigurations = (
				E28AD9CF18D5C9970061CDF2 /* Debug */,
				E28AD9D018D5C9970061CDF2 /* Release */,
			);
			defaultConfigurationIsVisible = 0;
			defaultConfigurationName = Release;
		};
		E28AD9D118D5C9970061CDF2 /* Build configuration list for PBXNativeTarget "steps" */ = {
			isa = XCConfigurationList;
			buildConfigurations = (
				E28AD9D218D5C9970061CDF2 /* Debug */,
				E28AD9D318D5C9970061CDF2 /* Release */,
			);
			defaultConfigurationIsVisible = 0;
		};
		E28AD9D418D5C9970061CDF2 /* Build configuration list for PBXNativeTarget "stepsTests" */ = {
			isa = XCConfigurationList;
			buildConfigurations = (
				E28AD9D518D5C9970061CDF2 /* Debug */,
				E28AD9D618D5C9970061CDF2 /* Release */,
			);
			defaultConfigurationIsVisible = 0;
		};
/* End XCConfigurationList section */
	};
	rootObject = E28AD99718D5C9970061CDF2 /* Project object */;
}
