// !$*UTF8*$!
{
	archiveVersion = 1;
	classes = {
	};
	objectVersion = 46;
	objects = {

/* Begin PBXBuildFile section */
		E22B27C018D5B1090064CF5E /* Foundation.framework in Frameworks */ = {isa = PBXBuildFile; fileRef = E22B27BF18D5B1090064CF5E /* Foundation.framework */; };
		E22B27C218D5B1090064CF5E /* CoreGraphics.framework in Frameworks */ = {isa = PBXBuildFile; fileRef = E22B27C118D5B1090064CF5E /* CoreGraphics.framework */; };
		E22B27C418D5B1090064CF5E /* UIKit.framework in Frameworks */ = {isa = PBXBuildFile; fileRef = E22B27C318D5B1090064CF5E /* UIKit.framework */; };
		E22B27CA18D5B1090064CF5E /* InfoPlist.strings in Resources */ = {isa = PBXBuildFile; fileRef = E22B27C818D5B1090064CF5E /* InfoPlist.strings */; };
		E22B27CC18D5B1090064CF5E /* main.m in Sources */ = {isa = PBXBuildFile; fileRef = E22B27CB18D5B1090064CF5E /* main.m */; };
		E22B27D018D5B1090064CF5E /* AppDelegate.m in Sources */ = {isa = PBXBuildFile; fileRef = E22B27CF18D5B1090064CF5E /* AppDelegate.m */; };
		E22B27D318D5B1090064CF5E /* Main.storyboard in Resources */ = {isa = PBXBuildFile; fileRef = E22B27D118D5B1090064CF5E /* Main.storyboard */; };
		E22B27D618D5B1090064CF5E /* ViewController.m in Sources */ = {isa = PBXBuildFile; fileRef = E22B27D518D5B1090064CF5E /* ViewController.m */; };
		E22B27D818D5B1090064CF5E /* Images.xcassets in Resources */ = {isa = PBXBuildFile; fileRef = E22B27D718D5B1090064CF5E /* Images.xcassets */; };
		E22B27DF18D5B1090064CF5E /* XCTest.framework in Frameworks */ = {isa = PBXBuildFile; fileRef = E22B27DE18D5B1090064CF5E /* XCTest.framework */; };
		E22B27E018D5B1090064CF5E /* Foundation.framework in Frameworks */ = {isa = PBXBuildFile; fileRef = E22B27BF18D5B1090064CF5E /* Foundation.framework */; };
		E22B27E118D5B1090064CF5E /* UIKit.framework in Frameworks */ = {isa = PBXBuildFile; fileRef = E22B27C318D5B1090064CF5E /* UIKit.framework */; };
		E22B27E918D5B1090064CF5E /* InfoPlist.strings in Resources */ = {isa = PBXBuildFile; fileRef = E22B27E718D5B1090064CF5E /* InfoPlist.strings */; };
		E22B27EB18D5B1090064CF5E /* slcomposeviewcontrollerTests.m in Sources */ = {isa = PBXBuildFile; fileRef = E22B27EA18D5B1090064CF5E /* slcomposeviewcontrollerTests.m */; };
		E22B27F518D5B1180064CF5E /* Social.framework in Frameworks */ = {isa = PBXBuildFile; fileRef = E22B27F418D5B1180064CF5E /* Social.framework */; };
/* End PBXBuildFile section */

/* Begin PBXContainerItemProxy section */
		E22B27E218D5B1090064CF5E /* PBXContainerItemProxy */ = {
			isa = PBXContainerItemProxy;
			containerPortal = E22B27B418D5B1090064CF5E /* Project object */;
			proxyType = 1;
			remoteGlobalIDString = E22B27BB18D5B1090064CF5E;
			remoteInfo = slcomposeviewcontroller;
		};
/* End PBXContainerItemProxy section */

/* Begin PBXFileReference section */
		E22B27BC18D5B1090064CF5E /* slcomposeviewcontroller.app */ = {isa = PBXFileReference; explicitFileType = wrapper.application; includeInIndex = 0; path = slcomposeviewcontroller.app; sourceTree = BUILT_PRODUCTS_DIR; };
		E22B27BF18D5B1090064CF5E /* Foundation.framework */ = {isa = PBXFileReference; lastKnownFileType = wrapper.framework; name = Foundation.framework; path = System/Library/Frameworks/Foundation.framework; sourceTree = SDKROOT; };
		E22B27C118D5B1090064CF5E /* CoreGraphics.framework */ = {isa = PBXFileReference; lastKnownFileType = wrapper.framework; name = CoreGraphics.framework; path = System/Library/Frameworks/CoreGraphics.framework; sourceTree = SDKROOT; };
		E22B27C318D5B1090064CF5E /* UIKit.framework */ = {isa = PBXFileReference; lastKnownFileType = wrapper.framework; name = UIKit.framework; path = System/Library/Frameworks/UIKit.framework; sourceTree = SDKROOT; };
		E22B27C718D5B1090064CF5E /* slcomposeviewcontroller-Info.plist */ = {isa = PBXFileReference; lastKnownFileType = text.plist.xml; path = "slcomposeviewcontroller-Info.plist"; sourceTree = "<group>"; };
		E22B27C918D5B1090064CF5E /* en */ = {isa = PBXFileReference; lastKnownFileType = text.plist.strings; name = en; path = en.lproj/InfoPlist.strings; sourceTree = "<group>"; };
		E22B27CB18D5B1090064CF5E /* main.m */ = {isa = PBXFileReference; lastKnownFileType = sourcecode.c.objc; path = main.m; sourceTree = "<group>"; };
		E22B27CD18D5B1090064CF5E /* slcomposeviewcontroller-Prefix.pch */ = {isa = PBXFileReference; lastKnownFileType = sourcecode.c.h; path = "slcomposeviewcontroller-Prefix.pch"; sourceTree = "<group>"; };
		E22B27CE18D5B1090064CF5E /* AppDelegate.h */ = {isa = PBXFileReference; lastKnownFileType = sourcecode.c.h; path = AppDelegate.h; sourceTree = "<group>"; };
		E22B27CF18D5B1090064CF5E /* AppDelegate.m */ = {isa = PBXFileReference; lastKnownFileType = sourcecode.c.objc; path = AppDelegate.m; sourceTree = "<group>"; };
		E22B27D218D5B1090064CF5E /* Base */ = {isa = PBXFileReference; lastKnownFileType = file.storyboard; name = Base; path = Base.lproj/Main.storyboard; sourceTree = "<group>"; };
		E22B27D418D5B1090064CF5E /* ViewController.h */ = {isa = PBXFileReference; lastKnownFileType = sourcecode.c.h; path = ViewController.h; sourceTree = "<group>"; };
		E22B27D518D5B1090064CF5E /* ViewController.m */ = {isa = PBXFileReference; lastKnownFileType = sourcecode.c.objc; path = ViewController.m; sourceTree = "<group>"; };
		E22B27D718D5B1090064CF5E /* Images.xcassets */ = {isa = PBXFileReference; lastKnownFileType = folder.assetcatalog; path = Images.xcassets; sourceTree = "<group>"; };
		E22B27DD18D5B1090064CF5E /* slcomposeviewcontrollerTests.xctest */ = {isa = PBXFileReference; explicitFileType = wrapper.cfbundle; includeInIndex = 0; path = slcomposeviewcontrollerTests.xctest; sourceTree = BUILT_PRODUCTS_DIR; };
		E22B27DE18D5B1090064CF5E /* XCTest.framework */ = {isa = PBXFileReference; lastKnownFileType = wrapper.framework; name = XCTest.framework; path = Library/Frameworks/XCTest.framework; sourceTree = DEVELOPER_DIR; };
		E22B27E618D5B1090064CF5E /* slcomposeviewcontrollerTests-Info.plist */ = {isa = PBXFileReference; lastKnownFileType = text.plist.xml; path = "slcomposeviewcontrollerTests-Info.plist"; sourceTree = "<group>"; };
		E22B27E818D5B1090064CF5E /* en */ = {isa = PBXFileReference; lastKnownFileType = text.plist.strings; name = en; path = en.lproj/InfoPlist.strings; sourceTree = "<group>"; };
		E22B27EA18D5B1090064CF5E /* slcomposeviewcontrollerTests.m */ = {isa = PBXFileReference; lastKnownFileType = sourcecode.c.objc; path = slcomposeviewcontrollerTests.m; sourceTree = "<group>"; };
		E22B27F418D5B1180064CF5E /* Social.framework */ = {isa = PBXFileReference; lastKnownFileType = wrapper.framework; name = Social.framework; path = System/Library/Frameworks/Social.framework; sourceTree = SDKROOT; };
/* End PBXFileReference section */

/* Begin PBXFrameworksBuildPhase section */
		E22B27B918D5B1090064CF5E /* Frameworks */ = {
			isa = PBXFrameworksBuildPhase;
			buildActionMask = 2147483647;
			files = (
				E22B27F518D5B1180064CF5E /* Social.framework in Frameworks */,
				E22B27C218D5B1090064CF5E /* CoreGraphics.framework in Frameworks */,
				E22B27C418D5B1090064CF5E /* UIKit.framework in Frameworks */,
				E22B27C018D5B1090064CF5E /* Foundation.framework in Frameworks */,
			);
			runOnlyForDeploymentPostprocessing = 0;
		};
		E22B27DA18D5B1090064CF5E /* Frameworks */ = {
			isa = PBXFrameworksBuildPhase;
			buildActionMask = 2147483647;
			files = (
				E22B27DF18D5B1090064CF5E /* XCTest.framework in Frameworks */,
				E22B27E118D5B1090064CF5E /* UIKit.framework in Frameworks */,
				E22B27E018D5B1090064CF5E /* Foundation.framework in Frameworks */,
			);
			runOnlyForDeploymentPostprocessing = 0;
		};
/* End PBXFrameworksBuildPhase section */

/* Begin PBXGroup section */
		E22B27B318D5B1090064CF5E = {
			isa = PBXGroup;
			children = (
				E22B27C518D5B1090064CF5E /* slcomposeviewcontroller */,
				E22B27E418D5B1090064CF5E /* slcomposeviewcontrollerTests */,
				E22B27BE18D5B1090064CF5E /* Frameworks */,
				E22B27BD18D5B1090064CF5E /* Products */,
			);
			sourceTree = "<group>";
		};
		E22B27BD18D5B1090064CF5E /* Products */ = {
			isa = PBXGroup;
			children = (
				E22B27BC18D5B1090064CF5E /* slcomposeviewcontroller.app */,
				E22B27DD18D5B1090064CF5E /* slcomposeviewcontrollerTests.xctest */,
			);
			name = Products;
			sourceTree = "<group>";
		};
		E22B27BE18D5B1090064CF5E /* Frameworks */ = {
			isa = PBXGroup;
			children = (
				E22B27F418D5B1180064CF5E /* Social.framework */,
				E22B27BF18D5B1090064CF5E /* Foundation.framework */,
				E22B27C118D5B1090064CF5E /* CoreGraphics.framework */,
				E22B27C318D5B1090064CF5E /* UIKit.framework */,
				E22B27DE18D5B1090064CF5E /* XCTest.framework */,
			);
			name = Frameworks;
			sourceTree = "<group>";
		};
		E22B27C518D5B1090064CF5E /* slcomposeviewcontroller */ = {
			isa = PBXGroup;
			children = (
				E22B27CE18D5B1090064CF5E /* AppDelegate.h */,
				E22B27CF18D5B1090064CF5E /* AppDelegate.m */,
				E22B27D118D5B1090064CF5E /* Main.storyboard */,
				E22B27D418D5B1090064CF5E /* ViewController.h */,
				E22B27D518D5B1090064CF5E /* ViewController.m */,
				E22B27D718D5B1090064CF5E /* Images.xcassets */,
				E22B27C618D5B1090064CF5E /* Supporting Files */,
			);
			path = slcomposeviewcontroller;
			sourceTree = "<group>";
		};
		E22B27C618D5B1090064CF5E /* Supporting Files */ = {
			isa = PBXGroup;
			children = (
				E22B27C718D5B1090064CF5E /* slcomposeviewcontroller-Info.plist */,
				E22B27C818D5B1090064CF5E /* InfoPlist.strings */,
				E22B27CB18D5B1090064CF5E /* main.m */,
				E22B27CD18D5B1090064CF5E /* slcomposeviewcontroller-Prefix.pch */,
			);
			name = "Supporting Files";
			sourceTree = "<group>";
		};
		E22B27E418D5B1090064CF5E /* slcomposeviewcontrollerTests */ = {
			isa = PBXGroup;
			children = (
				E22B27EA18D5B1090064CF5E /* slcomposeviewcontrollerTests.m */,
				E22B27E518D5B1090064CF5E /* Supporting Files */,
			);
			path = slcomposeviewcontrollerTests;
			sourceTree = "<group>";
		};
		E22B27E518D5B1090064CF5E /* Supporting Files */ = {
			isa = PBXGroup;
			children = (
				E22B27E618D5B1090064CF5E /* slcomposeviewcontrollerTests-Info.plist */,
				E22B27E718D5B1090064CF5E /* InfoPlist.strings */,
			);
			name = "Supporting Files";
			sourceTree = "<group>";
		};
/* End PBXGroup section */

/* Begin PBXNativeTarget section */
		E22B27BB18D5B1090064CF5E /* slcomposeviewcontroller */ = {
			isa = PBXNativeTarget;
			buildConfigurationList = E22B27EE18D5B1090064CF5E /* Build configuration list for PBXNativeTarget "slcomposeviewcontroller" */;
			buildPhases = (
				E22B27B818D5B1090064CF5E /* Sources */,
				E22B27B918D5B1090064CF5E /* Frameworks */,
				E22B27BA18D5B1090064CF5E /* Resources */,
			);
			buildRules = (
			);
			dependencies = (
			);
			name = slcomposeviewcontroller;
			productName = slcomposeviewcontroller;
			productReference = E22B27BC18D5B1090064CF5E /* slcomposeviewcontroller.app */;
			productType = "com.apple.product-type.application";
		};
		E22B27DC18D5B1090064CF5E /* slcomposeviewcontrollerTests */ = {
			isa = PBXNativeTarget;
			buildConfigurationList = E22B27F118D5B1090064CF5E /* Build configuration list for PBXNativeTarget "slcomposeviewcontrollerTests" */;
			buildPhases = (
				E22B27D918D5B1090064CF5E /* Sources */,
				E22B27DA18D5B1090064CF5E /* Frameworks */,
				E22B27DB18D5B1090064CF5E /* Resources */,
			);
			buildRules = (
			);
			dependencies = (
				E22B27E318D5B1090064CF5E /* PBXTargetDependency */,
			);
			name = slcomposeviewcontrollerTests;
			productName = slcomposeviewcontrollerTests;
			productReference = E22B27DD18D5B1090064CF5E /* slcomposeviewcontrollerTests.xctest */;
			productType = "com.apple.product-type.bundle.unit-test";
		};
/* End PBXNativeTarget section */

/* Begin PBXProject section */
		E22B27B418D5B1090064CF5E /* Project object */ = {
			isa = PBXProject;
			attributes = {
				LastUpgradeCheck = 0500;
				ORGANIZATIONNAME = "Yoshitaka Yamashita";
				TargetAttributes = {
					E22B27DC18D5B1090064CF5E = {
						TestTargetID = E22B27BB18D5B1090064CF5E;
					};
				};
			};
			buildConfigurationList = E22B27B718D5B1090064CF5E /* Build configuration list for PBXProject "slcomposeviewcontroller" */;
			compatibilityVersion = "Xcode 3.2";
			developmentRegion = English;
			hasScannedForEncodings = 0;
			knownRegions = (
				en,
				Base,
			);
			mainGroup = E22B27B318D5B1090064CF5E;
			productRefGroup = E22B27BD18D5B1090064CF5E /* Products */;
			projectDirPath = "";
			projectRoot = "";
			targets = (
				E22B27BB18D5B1090064CF5E /* slcomposeviewcontroller */,
				E22B27DC18D5B1090064CF5E /* slcomposeviewcontrollerTests */,
			);
		};
/* End PBXProject section */

/* Begin PBXResourcesBuildPhase section */
		E22B27BA18D5B1090064CF5E /* Resources */ = {
			isa = PBXResourcesBuildPhase;
			buildActionMask = 2147483647;
			files = (
				E22B27D818D5B1090064CF5E /* Images.xcassets in Resources */,
				E22B27CA18D5B1090064CF5E /* InfoPlist.strings in Resources */,
				E22B27D318D5B1090064CF5E /* Main.storyboard in Resources */,
			);
			runOnlyForDeploymentPostprocessing = 0;
		};
		E22B27DB18D5B1090064CF5E /* Resources */ = {
			isa = PBXResourcesBuildPhase;
			buildActionMask = 2147483647;
			files = (
				E22B27E918D5B1090064CF5E /* InfoPlist.strings in Resources */,
			);
			runOnlyForDeploymentPostprocessing = 0;
		};
/* End PBXResourcesBuildPhase section */

/* Begin PBXSourcesBuildPhase section */
		E22B27B818D5B1090064CF5E /* Sources */ = {
			isa = PBXSourcesBuildPhase;
			buildActionMask = 2147483647;
			files = (
				E22B27D618D5B1090064CF5E /* ViewController.m in Sources */,
				E22B27D018D5B1090064CF5E /* AppDelegate.m in Sources */,
				E22B27CC18D5B1090064CF5E /* main.m in Sources */,
			);
			runOnlyForDeploymentPostprocessing = 0;
		};
		E22B27D918D5B1090064CF5E /* Sources */ = {
			isa = PBXSourcesBuildPhase;
			buildActionMask = 2147483647;
			files = (
				E22B27EB18D5B1090064CF5E /* slcomposeviewcontrollerTests.m in Sources */,
			);
			runOnlyForDeploymentPostprocessing = 0;
		};
/* End PBXSourcesBuildPhase section */

/* Begin PBXTargetDependency section */
		E22B27E318D5B1090064CF5E /* PBXTargetDependency */ = {
			isa = PBXTargetDependency;
			target = E22B27BB18D5B1090064CF5E /* slcomposeviewcontroller */;
			targetProxy = E22B27E218D5B1090064CF5E /* PBXContainerItemProxy */;
		};
/* End PBXTargetDependency section */

/* Begin PBXVariantGroup section */
		E22B27C818D5B1090064CF5E /* InfoPlist.strings */ = {
			isa = PBXVariantGroup;
			children = (
				E22B27C918D5B1090064CF5E /* en */,
			);
			name = InfoPlist.strings;
			sourceTree = "<group>";
		};
		E22B27D118D5B1090064CF5E /* Main.storyboard */ = {
			isa = PBXVariantGroup;
			children = (
				E22B27D218D5B1090064CF5E /* Base */,
			);
			name = Main.storyboard;
			sourceTree = "<group>";
		};
		E22B27E718D5B1090064CF5E /* InfoPlist.strings */ = {
			isa = PBXVariantGroup;
			children = (
				E22B27E818D5B1090064CF5E /* en */,
			);
			name = InfoPlist.strings;
			sourceTree = "<group>";
		};
/* End PBXVariantGroup section */

/* Begin XCBuildConfiguration section */
		E22B27EC18D5B1090064CF5E /* Debug */ = {
			isa = XCBuildConfiguration;
			buildSettings = {
				ALWAYS_SEARCH_USER_PATHS = NO;
				ARCHS = "$(ARCHS_STANDARD_INCLUDING_64_BIT)";
				CLANG_CXX_LANGUAGE_STANDARD = "gnu++0x";
				CLANG_CXX_LIBRARY = "libc++";
				CLANG_ENABLE_MODULES = YES;
				CLANG_ENABLE_OBJC_ARC = YES;
				CLANG_WARN_BOOL_CONVERSION = YES;
				CLANG_WARN_CONSTANT_CONVERSION = YES;
				CLANG_WARN_DIRECT_OBJC_ISA_USAGE = YES_ERROR;
				CLANG_WARN_EMPTY_BODY = YES;
				CLANG_WARN_ENUM_CONVERSION = YES;
				CLANG_WARN_INT_CONVERSION = YES;
				CLANG_WARN_OBJC_ROOT_CLASS = YES_ERROR;
				CLANG_WARN__DUPLICATE_METHOD_MATCH = YES;
				"CODE_SIGN_IDENTITY[sdk=iphoneos*]" = "iPhone Developer";
				COPY_PHASE_STRIP = NO;
				GCC_C_LANGUAGE_STANDARD = gnu99;
				GCC_DYNAMIC_NO_PIC = NO;
				GCC_OPTIMIZATION_LEVEL = 0;
				GCC_PREPROCESSOR_DEFINITIONS = (
					"DEBUG=1",
					"$(inherited)",
				);
				GCC_SYMBOLS_PRIVATE_EXTERN = NO;
				GCC_WARN_64_TO_32_BIT_CONVERSION = YES;
				GCC_WARN_ABOUT_RETURN_TYPE = YES_ERROR;
				GCC_WARN_UNDECLARED_SELECTOR = YES;
				GCC_WARN_UNINITIALIZED_AUTOS = YES;
				GCC_WARN_UNUSED_FUNCTION = YES;
				GCC_WARN_UNUSED_VARIABLE = YES;
				IPHONEOS_DEPLOYMENT_TARGET = 7.0;
				ONLY_ACTIVE_ARCH = YES;
				SDKROOT = iphoneos;
			};
			name = Debug;
		};
		E22B27ED18D5B1090064CF5E /* Release */ = {
			isa = XCBuildConfiguration;
			buildSettings = {
				ALWAYS_SEARCH_USER_PATHS = NO;
				ARCHS = "$(ARCHS_STANDARD_INCLUDING_64_BIT)";
				CLANG_CXX_LANGUAGE_STANDARD = "gnu++0x";
				CLANG_CXX_LIBRARY = "libc++";
				CLANG_ENABLE_MODULES = YES;
				CLANG_ENABLE_OBJC_ARC = YES;
				CLANG_WARN_BOOL_CONVERSION = YES;
				CLANG_WARN_CONSTANT_CONVERSION = YES;
				CLANG_WARN_DIRECT_OBJC_ISA_USAGE = YES_ERROR;
				CLANG_WARN_EMPTY_BODY = YES;
				CLANG_WARN_ENUM_CONVERSION = YES;
				CLANG_WARN_INT_CONVERSION = YES;
				CLANG_WARN_OBJC_ROOT_CLASS = YES_ERROR;
				CLANG_WARN__DUPLICATE_METHOD_MATCH = YES;
				"CODE_SIGN_IDENTITY[sdk=iphoneos*]" = "iPhone Developer";
				COPY_PHASE_STRIP = YES;
				ENABLE_NS_ASSERTIONS = NO;
				GCC_C_LANGUAGE_STANDARD = gnu99;
				GCC_WARN_64_TO_32_BIT_CONVERSION = YES;
				GCC_WARN_ABOUT_RETURN_TYPE = YES_ERROR;
				GCC_WARN_UNDECLARED_SELECTOR = YES;
				GCC_WARN_UNINITIALIZED_AUTOS = YES;
				GCC_WARN_UNUSED_FUNCTION = YES;
				GCC_WARN_UNUSED_VARIABLE = YES;
				IPHONEOS_DEPLOYMENT_TARGET = 7.0;
				SDKROOT = iphoneos;
				VALIDATE_PRODUCT = YES;
			};
			name = Release;
		};
		E22B27EF18D5B1090064CF5E /* Debug */ = {
			isa = XCBuildConfiguration;
			buildSettings = {
				ASSETCATALOG_COMPILER_APPICON_NAME = AppIcon;
				ASSETCATALOG_COMPILER_LAUNCHIMAGE_NAME = LaunchImage;
				GCC_PRECOMPILE_PREFIX_HEADER = YES;
				GCC_PREFIX_HEADER = "slcomposeviewcontroller/slcomposeviewcontroller-Prefix.pch";
				INFOPLIST_FILE = "slcomposeviewcontroller/slcomposeviewcontroller-Info.plist";
				PRODUCT_NAME = "$(TARGET_NAME)";
				WRAPPER_EXTENSION = app;
			};
			name = Debug;
		};
		E22B27F018D5B1090064CF5E /* Release */ = {
			isa = XCBuildConfiguration;
			buildSettings = {
				ASSETCATALOG_COMPILER_APPICON_NAME = AppIcon;
				ASSETCATALOG_COMPILER_LAUNCHIMAGE_NAME = LaunchImage;
				GCC_PRECOMPILE_PREFIX_HEADER = YES;
				GCC_PREFIX_HEADER = "slcomposeviewcontroller/slcomposeviewcontroller-Prefix.pch";
				INFOPLIST_FILE = "slcomposeviewcontroller/slcomposeviewcontroller-Info.plist";
				PRODUCT_NAME = "$(TARGET_NAME)";
				WRAPPER_EXTENSION = app;
			};
			name = Release;
		};
		E22B27F218D5B1090064CF5E /* Debug */ = {
			isa = XCBuildConfiguration;
			buildSettings = {
				ARCHS = "$(ARCHS_STANDARD_INCLUDING_64_BIT)";
				BUNDLE_LOADER = "$(BUILT_PRODUCTS_DIR)/slcomposeviewcontroller.app/slcomposeviewcontroller";
				FRAMEWORK_SEARCH_PATHS = (
					"$(SDKROOT)/Developer/Library/Frameworks",
					"$(inherited)",
					"$(DEVELOPER_FRAMEWORKS_DIR)",
				);
				GCC_PRECOMPILE_PREFIX_HEADER = YES;
				GCC_PREFIX_HEADER = "slcomposeviewcontroller/slcomposeviewcontroller-Prefix.pch";
				GCC_PREPROCESSOR_DEFINITIONS = (
					"DEBUG=1",
					"$(inherited)",
				);
				INFOPLIST_FILE = "slcomposeviewcontrollerTests/slcomposeviewcontrollerTests-Info.plist";
				PRODUCT_NAME = "$(TARGET_NAME)";
				TEST_HOST = "$(BUNDLE_LOADER)";
				WRAPPER_EXTENSION = xctest;
			};
			name = Debug;
		};
		E22B27F318D5B1090064CF5E /* Release */ = {
			isa = XCBuildConfiguration;
			buildSettings = {
				ARCHS = "$(ARCHS_STANDARD_INCLUDING_64_BIT)";
				BUNDLE_LOADER = "$(BUILT_PRODUCTS_DIR)/slcomposeviewcontroller.app/slcomposeviewcontroller";
				FRAMEWORK_SEARCH_PATHS = (
					"$(SDKROOT)/Developer/Library/Frameworks",
					"$(inherited)",
					"$(DEVELOPER_FRAMEWORKS_DIR)",
				);
				GCC_PRECOMPILE_PREFIX_HEADER = YES;
				GCC_PREFIX_HEADER = "slcomposeviewcontroller/slcomposeviewcontroller-Prefix.pch";
				INFOPLIST_FILE = "slcomposeviewcontrollerTests/slcomposeviewcontrollerTests-Info.plist";
				PRODUCT_NAME = "$(TARGET_NAME)";
				TEST_HOST = "$(BUNDLE_LOADER)";
				WRAPPER_EXTENSION = xctest;
			};
			name = Release;
		};
/* End XCBuildConfiguration section */

/* Begin XCConfigurationList section */
		E22B27B718D5B1090064CF5E /* Build configuration list for PBXProject "slcomposeviewcontroller" */ = {
			isa = XCConfigurationList;
			buildConfigurations = (
				E22B27EC18D5B1090064CF5E /* Debug */,
				E22B27ED18D5B1090064CF5E /* Release */,
			);
			defaultConfigurationIsVisible = 0;
			defaultConfigurationName = Release;
		};
		E22B27EE18D5B1090064CF5E /* Build configuration list for PBXNativeTarget "slcomposeviewcontroller" */ = {
			isa = XCConfigurationList;
			buildConfigurations = (
				E22B27EF18D5B1090064CF5E /* Debug */,
				E22B27F018D5B1090064CF5E /* Release */,
			);
			defaultConfigurationIsVisible = 0;
		};
		E22B27F118D5B1090064CF5E /* Build configuration list for PBXNativeTarget "slcomposeviewcontrollerTests" */ = {
			isa = XCConfigurationList;
			buildConfigurations = (
				E22B27F218D5B1090064CF5E /* Debug */,
				E22B27F318D5B1090064CF5E /* Release */,
			);
			defaultConfigurationIsVisible = 0;
		};
/* End XCConfigurationList section */
	};
	rootObject = E22B27B418D5B1090064CF5E /* Project object */;
}
