// !$*UTF8*$!
{
	archiveVersion = 1;
	classes = {
	};
	objectVersion = 46;
	objects = {

/* Begin PBXBuildFile section */
		E21B44D218D5B227004A9346 /* Foundation.framework in Frameworks */ = {isa = PBXBuildFile; fileRef = E21B44D118D5B227004A9346 /* Foundation.framework */; };
		E21B44D418D5B227004A9346 /* CoreGraphics.framework in Frameworks */ = {isa = PBXBuildFile; fileRef = E21B44D318D5B227004A9346 /* CoreGraphics.framework */; };
		E21B44D618D5B227004A9346 /* UIKit.framework in Frameworks */ = {isa = PBXBuildFile; fileRef = E21B44D518D5B227004A9346 /* UIKit.framework */; };
		E21B44DC18D5B227004A9346 /* InfoPlist.strings in Resources */ = {isa = PBXBuildFile; fileRef = E21B44DA18D5B227004A9346 /* InfoPlist.strings */; };
		E21B44DE18D5B227004A9346 /* main.m in Sources */ = {isa = PBXBuildFile; fileRef = E21B44DD18D5B227004A9346 /* main.m */; };
		E21B44E218D5B227004A9346 /* AppDelegate.m in Sources */ = {isa = PBXBuildFile; fileRef = E21B44E118D5B227004A9346 /* AppDelegate.m */; };
		E21B44E518D5B227004A9346 /* Main.storyboard in Resources */ = {isa = PBXBuildFile; fileRef = E21B44E318D5B227004A9346 /* Main.storyboard */; };
		E21B44E818D5B227004A9346 /* ViewController.m in Sources */ = {isa = PBXBuildFile; fileRef = E21B44E718D5B227004A9346 /* ViewController.m */; };
		E21B44EA18D5B227004A9346 /* Images.xcassets in Resources */ = {isa = PBXBuildFile; fileRef = E21B44E918D5B227004A9346 /* Images.xcassets */; };
		E21B44F118D5B227004A9346 /* XCTest.framework in Frameworks */ = {isa = PBXBuildFile; fileRef = E21B44F018D5B227004A9346 /* XCTest.framework */; };
		E21B44F218D5B227004A9346 /* Foundation.framework in Frameworks */ = {isa = PBXBuildFile; fileRef = E21B44D118D5B227004A9346 /* Foundation.framework */; };
		E21B44F318D5B227004A9346 /* UIKit.framework in Frameworks */ = {isa = PBXBuildFile; fileRef = E21B44D518D5B227004A9346 /* UIKit.framework */; };
		E21B44FB18D5B227004A9346 /* InfoPlist.strings in Resources */ = {isa = PBXBuildFile; fileRef = E21B44F918D5B227004A9346 /* InfoPlist.strings */; };
		E21B44FD18D5B227004A9346 /* simplecameraTests.m in Sources */ = {isa = PBXBuildFile; fileRef = E21B44FC18D5B227004A9346 /* simplecameraTests.m */; };
		E21B450718D5B249004A9346 /* AVFoundation.framework in Frameworks */ = {isa = PBXBuildFile; fileRef = E21B450618D5B249004A9346 /* AVFoundation.framework */; };
/* End PBXBuildFile section */

/* Begin PBXContainerItemProxy section */
		E21B44F418D5B227004A9346 /* PBXContainerItemProxy */ = {
			isa = PBXContainerItemProxy;
			containerPortal = E21B44C618D5B227004A9346 /* Project object */;
			proxyType = 1;
			remoteGlobalIDString = E21B44CD18D5B227004A9346;
			remoteInfo = simplecamera;
		};
/* End PBXContainerItemProxy section */

/* Begin PBXFileReference section */
		E21B44CE18D5B227004A9346 /* simplecamera.app */ = {isa = PBXFileReference; explicitFileType = wrapper.application; includeInIndex = 0; path = simplecamera.app; sourceTree = BUILT_PRODUCTS_DIR; };
		E21B44D118D5B227004A9346 /* Foundation.framework */ = {isa = PBXFileReference; lastKnownFileType = wrapper.framework; name = Foundation.framework; path = System/Library/Frameworks/Foundation.framework; sourceTree = SDKROOT; };
		E21B44D318D5B227004A9346 /* CoreGraphics.framework */ = {isa = PBXFileReference; lastKnownFileType = wrapper.framework; name = CoreGraphics.framework; path = System/Library/Frameworks/CoreGraphics.framework; sourceTree = SDKROOT; };
		E21B44D518D5B227004A9346 /* UIKit.framework */ = {isa = PBXFileReference; lastKnownFileType = wrapper.framework; name = UIKit.framework; path = System/Library/Frameworks/UIKit.framework; sourceTree = SDKROOT; };
		E21B44D918D5B227004A9346 /* simplecamera-Info.plist */ = {isa = PBXFileReference; lastKnownFileType = text.plist.xml; path = "simplecamera-Info.plist"; sourceTree = "<group>"; };
		E21B44DB18D5B227004A9346 /* en */ = {isa = PBXFileReference; lastKnownFileType = text.plist.strings; name = en; path = en.lproj/InfoPlist.strings; sourceTree = "<group>"; };
		E21B44DD18D5B227004A9346 /* main.m */ = {isa = PBXFileReference; lastKnownFileType = sourcecode.c.objc; path = main.m; sourceTree = "<group>"; };
		E21B44DF18D5B227004A9346 /* simplecamera-Prefix.pch */ = {isa = PBXFileReference; lastKnownFileType = sourcecode.c.h; path = "simplecamera-Prefix.pch"; sourceTree = "<group>"; };
		E21B44E018D5B227004A9346 /* AppDelegate.h */ = {isa = PBXFileReference; lastKnownFileType = sourcecode.c.h; path = AppDelegate.h; sourceTree = "<group>"; };
		E21B44E118D5B227004A9346 /* AppDelegate.m */ = {isa = PBXFileReference; lastKnownFileType = sourcecode.c.objc; path = AppDelegate.m; sourceTree = "<group>"; };
		E21B44E418D5B227004A9346 /* Base */ = {isa = PBXFileReference; lastKnownFileType = file.storyboard; name = Base; path = Base.lproj/Main.storyboard; sourceTree = "<group>"; };
		E21B44E618D5B227004A9346 /* ViewController.h */ = {isa = PBXFileReference; lastKnownFileType = sourcecode.c.h; path = ViewController.h; sourceTree = "<group>"; };
		E21B44E718D5B227004A9346 /* ViewController.m */ = {isa = PBXFileReference; lastKnownFileType = sourcecode.c.objc; path = ViewController.m; sourceTree = "<group>"; };
		E21B44E918D5B227004A9346 /* Images.xcassets */ = {isa = PBXFileReference; lastKnownFileType = folder.assetcatalog; path = Images.xcassets; sourceTree = "<group>"; };
		E21B44EF18D5B227004A9346 /* simplecameraTests.xctest */ = {isa = PBXFileReference; explicitFileType = wrapper.cfbundle; includeInIndex = 0; path = simplecameraTests.xctest; sourceTree = BUILT_PRODUCTS_DIR; };
		E21B44F018D5B227004A9346 /* XCTest.framework */ = {isa = PBXFileReference; lastKnownFileType = wrapper.framework; name = XCTest.framework; path = Library/Frameworks/XCTest.framework; sourceTree = DEVELOPER_DIR; };
		E21B44F818D5B227004A9346 /* simplecameraTests-Info.plist */ = {isa = PBXFileReference; lastKnownFileType = text.plist.xml; path = "simplecameraTests-Info.plist"; sourceTree = "<group>"; };
		E21B44FA18D5B227004A9346 /* en */ = {isa = PBXFileReference; lastKnownFileType = text.plist.strings; name = en; path = en.lproj/InfoPlist.strings; sourceTree = "<group>"; };
		E21B44FC18D5B227004A9346 /* simplecameraTests.m */ = {isa = PBXFileReference; lastKnownFileType = sourcecode.c.objc; path = simplecameraTests.m; sourceTree = "<group>"; };
		E21B450618D5B249004A9346 /* AVFoundation.framework */ = {isa = PBXFileReference; lastKnownFileType = wrapper.framework; name = AVFoundation.framework; path = System/Library/Frameworks/AVFoundation.framework; sourceTree = SDKROOT; };
/* End PBXFileReference section */

/* Begin PBXFrameworksBuildPhase section */
		E21B44CB18D5B227004A9346 /* Frameworks */ = {
			isa = PBXFrameworksBuildPhase;
			buildActionMask = 2147483647;
			files = (
				E21B450718D5B249004A9346 /* AVFoundation.framework in Frameworks */,
				E21B44D418D5B227004A9346 /* CoreGraphics.framework in Frameworks */,
				E21B44D618D5B227004A9346 /* UIKit.framework in Frameworks */,
				E21B44D218D5B227004A9346 /* Foundation.framework in Frameworks */,
			);
			runOnlyForDeploymentPostprocessing = 0;
		};
		E21B44EC18D5B227004A9346 /* Frameworks */ = {
			isa = PBXFrameworksBuildPhase;
			buildActionMask = 2147483647;
			files = (
				E21B44F118D5B227004A9346 /* XCTest.framework in Frameworks */,
				E21B44F318D5B227004A9346 /* UIKit.framework in Frameworks */,
				E21B44F218D5B227004A9346 /* Foundation.framework in Frameworks */,
			);
			runOnlyForDeploymentPostprocessing = 0;
		};
/* End PBXFrameworksBuildPhase section */

/* Begin PBXGroup section */
		E21B44C518D5B227004A9346 = {
			isa = PBXGroup;
			children = (
				E21B44D718D5B227004A9346 /* simplecamera */,
				E21B44F618D5B227004A9346 /* simplecameraTests */,
				E21B44D018D5B227004A9346 /* Frameworks */,
				E21B44CF18D5B227004A9346 /* Products */,
			);
			sourceTree = "<group>";
		};
		E21B44CF18D5B227004A9346 /* Products */ = {
			isa = PBXGroup;
			children = (
				E21B44CE18D5B227004A9346 /* simplecamera.app */,
				E21B44EF18D5B227004A9346 /* simplecameraTests.xctest */,
			);
			name = Products;
			sourceTree = "<group>";
		};
		E21B44D018D5B227004A9346 /* Frameworks */ = {
			isa = PBXGroup;
			children = (
				E21B450618D5B249004A9346 /* AVFoundation.framework */,
				E21B44D118D5B227004A9346 /* Foundation.framework */,
				E21B44D318D5B227004A9346 /* CoreGraphics.framework */,
				E21B44D518D5B227004A9346 /* UIKit.framework */,
				E21B44F018D5B227004A9346 /* XCTest.framework */,
			);
			name = Frameworks;
			sourceTree = "<group>";
		};
		E21B44D718D5B227004A9346 /* simplecamera */ = {
			isa = PBXGroup;
			children = (
				E21B44E018D5B227004A9346 /* AppDelegate.h */,
				E21B44E118D5B227004A9346 /* AppDelegate.m */,
				E21B44E318D5B227004A9346 /* Main.storyboard */,
				E21B44E618D5B227004A9346 /* ViewController.h */,
				E21B44E718D5B227004A9346 /* ViewController.m */,
				E21B44E918D5B227004A9346 /* Images.xcassets */,
				E21B44D818D5B227004A9346 /* Supporting Files */,
			);
			path = simplecamera;
			sourceTree = "<group>";
		};
		E21B44D818D5B227004A9346 /* Supporting Files */ = {
			isa = PBXGroup;
			children = (
				E21B44D918D5B227004A9346 /* simplecamera-Info.plist */,
				E21B44DA18D5B227004A9346 /* InfoPlist.strings */,
				E21B44DD18D5B227004A9346 /* main.m */,
				E21B44DF18D5B227004A9346 /* simplecamera-Prefix.pch */,
			);
			name = "Supporting Files";
			sourceTree = "<group>";
		};
		E21B44F618D5B227004A9346 /* simplecameraTests */ = {
			isa = PBXGroup;
			children = (
				E21B44FC18D5B227004A9346 /* simplecameraTests.m */,
				E21B44F718D5B227004A9346 /* Supporting Files */,
			);
			path = simplecameraTests;
			sourceTree = "<group>";
		};
		E21B44F718D5B227004A9346 /* Supporting Files */ = {
			isa = PBXGroup;
			children = (
				E21B44F818D5B227004A9346 /* simplecameraTests-Info.plist */,
				E21B44F918D5B227004A9346 /* InfoPlist.strings */,
			);
			name = "Supporting Files";
			sourceTree = "<group>";
		};
/* End PBXGroup section */

/* Begin PBXNativeTarget section */
		E21B44CD18D5B227004A9346 /* simplecamera */ = {
			isa = PBXNativeTarget;
			buildConfigurationList = E21B450018D5B227004A9346 /* Build configuration list for PBXNativeTarget "simplecamera" */;
			buildPhases = (
				E21B44CA18D5B227004A9346 /* Sources */,
				E21B44CB18D5B227004A9346 /* Frameworks */,
				E21B44CC18D5B227004A9346 /* Resources */,
			);
			buildRules = (
			);
			dependencies = (
			);
			name = simplecamera;
			productName = simplecamera;
			productReference = E21B44CE18D5B227004A9346 /* simplecamera.app */;
			productType = "com.apple.product-type.application";
		};
		E21B44EE18D5B227004A9346 /* simplecameraTests */ = {
			isa = PBXNativeTarget;
			buildConfigurationList = E21B450318D5B227004A9346 /* Build configuration list for PBXNativeTarget "simplecameraTests" */;
			buildPhases = (
				E21B44EB18D5B227004A9346 /* Sources */,
				E21B44EC18D5B227004A9346 /* Frameworks */,
				E21B44ED18D5B227004A9346 /* Resources */,
			);
			buildRules = (
			);
			dependencies = (
				E21B44F518D5B227004A9346 /* PBXTargetDependency */,
			);
			name = simplecameraTests;
			productName = simplecameraTests;
			productReference = E21B44EF18D5B227004A9346 /* simplecameraTests.xctest */;
			productType = "com.apple.product-type.bundle.unit-test";
		};
/* End PBXNativeTarget section */

/* Begin PBXProject section */
		E21B44C618D5B227004A9346 /* Project object */ = {
			isa = PBXProject;
			attributes = {
				LastUpgradeCheck = 0500;
				ORGANIZATIONNAME = "Yoshitaka Yamashita";
				TargetAttributes = {
					E21B44EE18D5B227004A9346 = {
						TestTargetID = E21B44CD18D5B227004A9346;
					};
				};
			};
			buildConfigurationList = E21B44C918D5B227004A9346 /* Build configuration list for PBXProject "simplecamera" */;
			compatibilityVersion = "Xcode 3.2";
			developmentRegion = English;
			hasScannedForEncodings = 0;
			knownRegions = (
				en,
				Base,
			);
			mainGroup = E21B44C518D5B227004A9346;
			productRefGroup = E21B44CF18D5B227004A9346 /* Products */;
			projectDirPath = "";
			projectRoot = "";
			targets = (
				E21B44CD18D5B227004A9346 /* simplecamera */,
				E21B44EE18D5B227004A9346 /* simplecameraTests */,
			);
		};
/* End PBXProject section */

/* Begin PBXResourcesBuildPhase section */
		E21B44CC18D5B227004A9346 /* Resources */ = {
			isa = PBXResourcesBuildPhase;
			buildActionMask = 2147483647;
			files = (
				E21B44EA18D5B227004A9346 /* Images.xcassets in Resources */,
				E21B44DC18D5B227004A9346 /* InfoPlist.strings in Resources */,
				E21B44E518D5B227004A9346 /* Main.storyboard in Resources */,
			);
			runOnlyForDeploymentPostprocessing = 0;
		};
		E21B44ED18D5B227004A9346 /* Resources */ = {
			isa = PBXResourcesBuildPhase;
			buildActionMask = 2147483647;
			files = (
				E21B44FB18D5B227004A9346 /* InfoPlist.strings in Resources */,
			);
			runOnlyForDeploymentPostprocessing = 0;
		};
/* End PBXResourcesBuildPhase section */

/* Begin PBXSourcesBuildPhase section */
		E21B44CA18D5B227004A9346 /* Sources */ = {
			isa = PBXSourcesBuildPhase;
			buildActionMask = 2147483647;
			files = (
				E21B44E818D5B227004A9346 /* ViewController.m in Sources */,
				E21B44E218D5B227004A9346 /* AppDelegate.m in Sources */,
				E21B44DE18D5B227004A9346 /* main.m in Sources */,
			);
			runOnlyForDeploymentPostprocessing = 0;
		};
		E21B44EB18D5B227004A9346 /* Sources */ = {
			isa = PBXSourcesBuildPhase;
			buildActionMask = 2147483647;
			files = (
				E21B44FD18D5B227004A9346 /* simplecameraTests.m in Sources */,
			);
			runOnlyForDeploymentPostprocessing = 0;
		};
/* End PBXSourcesBuildPhase section */

/* Begin PBXTargetDependency section */
		E21B44F518D5B227004A9346 /* PBXTargetDependency */ = {
			isa = PBXTargetDependency;
			target = E21B44CD18D5B227004A9346 /* simplecamera */;
			targetProxy = E21B44F418D5B227004A9346 /* PBXContainerItemProxy */;
		};
/* End PBXTargetDependency section */

/* Begin PBXVariantGroup section */
		E21B44DA18D5B227004A9346 /* InfoPlist.strings */ = {
			isa = PBXVariantGroup;
			children = (
				E21B44DB18D5B227004A9346 /* en */,
			);
			name = InfoPlist.strings;
			sourceTree = "<group>";
		};
		E21B44E318D5B227004A9346 /* Main.storyboard */ = {
			isa = PBXVariantGroup;
			children = (
				E21B44E418D5B227004A9346 /* Base */,
			);
			name = Main.storyboard;
			sourceTree = "<group>";
		};
		E21B44F918D5B227004A9346 /* InfoPlist.strings */ = {
			isa = PBXVariantGroup;
			children = (
				E21B44FA18D5B227004A9346 /* en */,
			);
			name = InfoPlist.strings;
			sourceTree = "<group>";
		};
/* End PBXVariantGroup section */

/* Begin XCBuildConfiguration section */
		E21B44FE18D5B227004A9346 /* Debug */ = {
			isa = XCBuildConfiguration;
			buildSettings = {
				ALWAYS_SEARCH_USER_PATHS = NO;
				ARCHS = "$(ARCHS_STANDARD_INCLUDING_64_BIT)";
				CLANG_CXX_LANGUAGE_STANDARD = "gnu++0x";
				CLANG_CXX_LIBRARY = "libc++";
				CLANG_ENABLE_MODULES = YES;
				CLANG_ENABLE_OBJC_ARC = YES;
				CLANG_WARN_BOOL_CONVERSION = YES;
				CLANG_WARN_CONSTANT_CONVERSION = YES;
				CLANG_WARN_DIRECT_OBJC_ISA_USAGE = YES_ERROR;
				CLANG_WARN_EMPTY_BODY = YES;
				CLANG_WARN_ENUM_CONVERSION = YES;
				CLANG_WARN_INT_CONVERSION = YES;
				CLANG_WARN_OBJC_ROOT_CLASS = YES_ERROR;
				CLANG_WARN__DUPLICATE_METHOD_MATCH = YES;
				"CODE_SIGN_IDENTITY[sdk=iphoneos*]" = "iPhone Developer";
				COPY_PHASE_STRIP = NO;
				GCC_C_LANGUAGE_STANDARD = gnu99;
				GCC_DYNAMIC_NO_PIC = NO;
				GCC_OPTIMIZATION_LEVEL = 0;
				GCC_PREPROCESSOR_DEFINITIONS = (
					"DEBUG=1",
					"$(inherited)",
				);
				GCC_SYMBOLS_PRIVATE_EXTERN = NO;
				GCC_WARN_64_TO_32_BIT_CONVERSION = YES;
				GCC_WARN_ABOUT_RETURN_TYPE = YES_ERROR;
				GCC_WARN_UNDECLARED_SELECTOR = YES;
				GCC_WARN_UNINITIALIZED_AUTOS = YES;
				GCC_WARN_UNUSED_FUNCTION = YES;
				GCC_WARN_UNUSED_VARIABLE = YES;
				IPHONEOS_DEPLOYMENT_TARGET = 7.0;
				ONLY_ACTIVE_ARCH = YES;
				SDKROOT = iphoneos;
			};
			name = Debug;
		};
		E21B44FF18D5B227004A9346 /* Release */ = {
			isa = XCBuildConfiguration;
			buildSettings = {
				ALWAYS_SEARCH_USER_PATHS = NO;
				ARCHS = "$(ARCHS_STANDARD_INCLUDING_64_BIT)";
				CLANG_CXX_LANGUAGE_STANDARD = "gnu++0x";
				CLANG_CXX_LIBRARY = "libc++";
				CLANG_ENABLE_MODULES = YES;
				CLANG_ENABLE_OBJC_ARC = YES;
				CLANG_WARN_BOOL_CONVERSION = YES;
				CLANG_WARN_CONSTANT_CONVERSION = YES;
				CLANG_WARN_DIRECT_OBJC_ISA_USAGE = YES_ERROR;
				CLANG_WARN_EMPTY_BODY = YES;
				CLANG_WARN_ENUM_CONVERSION = YES;
				CLANG_WARN_INT_CONVERSION = YES;
				CLANG_WARN_OBJC_ROOT_CLASS = YES_ERROR;
				CLANG_WARN__DUPLICATE_METHOD_MATCH = YES;
				"CODE_SIGN_IDENTITY[sdk=iphoneos*]" = "iPhone Developer";
				COPY_PHASE_STRIP = YES;
				ENABLE_NS_ASSERTIONS = NO;
				GCC_C_LANGUAGE_STANDARD = gnu99;
				GCC_WARN_64_TO_32_BIT_CONVERSION = YES;
				GCC_WARN_ABOUT_RETURN_TYPE = YES_ERROR;
				GCC_WARN_UNDECLARED_SELECTOR = YES;
				GCC_WARN_UNINITIALIZED_AUTOS = YES;
				GCC_WARN_UNUSED_FUNCTION = YES;
				GCC_WARN_UNUSED_VARIABLE = YES;
				IPHONEOS_DEPLOYMENT_TARGET = 7.0;
				SDKROOT = iphoneos;
				VALIDATE_PRODUCT = YES;
			};
			name = Release;
		};
		E21B450118D5B227004A9346 /* Debug */ = {
			isa = XCBuildConfiguration;
			buildSettings = {
				ASSETCATALOG_COMPILER_APPICON_NAME = AppIcon;
				ASSETCATALOG_COMPILER_LAUNCHIMAGE_NAME = LaunchImage;
				GCC_PRECOMPILE_PREFIX_HEADER = YES;
				GCC_PREFIX_HEADER = "simplecamera/simplecamera-Prefix.pch";
				INFOPLIST_FILE = "simplecamera/simplecamera-Info.plist";
				PRODUCT_NAME = "$(TARGET_NAME)";
				WRAPPER_EXTENSION = app;
			};
			name = Debug;
		};
		E21B450218D5B227004A9346 /* Release */ = {
			isa = XCBuildConfiguration;
			buildSettings = {
				ASSETCATALOG_COMPILER_APPICON_NAME = AppIcon;
				ASSETCATALOG_COMPILER_LAUNCHIMAGE_NAME = LaunchImage;
				GCC_PRECOMPILE_PREFIX_HEADER = YES;
				GCC_PREFIX_HEADER = "simplecamera/simplecamera-Prefix.pch";
				INFOPLIST_FILE = "simplecamera/simplecamera-Info.plist";
				PRODUCT_NAME = "$(TARGET_NAME)";
				WRAPPER_EXTENSION = app;
			};
			name = Release;
		};
		E21B450418D5B227004A9346 /* Debug */ = {
			isa = XCBuildConfiguration;
			buildSettings = {
				ARCHS = "$(ARCHS_STANDARD_INCLUDING_64_BIT)";
				BUNDLE_LOADER = "$(BUILT_PRODUCTS_DIR)/simplecamera.app/simplecamera";
				FRAMEWORK_SEARCH_PATHS = (
					"$(SDKROOT)/Developer/Library/Frameworks",
					"$(inherited)",
					"$(DEVELOPER_FRAMEWORKS_DIR)",
				);
				GCC_PRECOMPILE_PREFIX_HEADER = YES;
				GCC_PREFIX_HEADER = "simplecamera/simplecamera-Prefix.pch";
				GCC_PREPROCESSOR_DEFINITIONS = (
					"DEBUG=1",
					"$(inherited)",
				);
				INFOPLIST_FILE = "simplecameraTests/simplecameraTests-Info.plist";
				PRODUCT_NAME = "$(TARGET_NAME)";
				TEST_HOST = "$(BUNDLE_LOADER)";
				WRAPPER_EXTENSION = xctest;
			};
			name = Debug;
		};
		E21B450518D5B227004A9346 /* Release */ = {
			isa = XCBuildConfiguration;
			buildSettings = {
				ARCHS = "$(ARCHS_STANDARD_INCLUDING_64_BIT)";
				BUNDLE_LOADER = "$(BUILT_PRODUCTS_DIR)/simplecamera.app/simplecamera";
				FRAMEWORK_SEARCH_PATHS = (
					"$(SDKROOT)/Developer/Library/Frameworks",
					"$(inherited)",
					"$(DEVELOPER_FRAMEWORKS_DIR)",
				);
				GCC_PRECOMPILE_PREFIX_HEADER = YES;
				GCC_PREFIX_HEADER = "simplecamera/simplecamera-Prefix.pch";
				INFOPLIST_FILE = "simplecameraTests/simplecameraTests-Info.plist";
				PRODUCT_NAME = "$(TARGET_NAME)";
				TEST_HOST = "$(BUNDLE_LOADER)";
				WRAPPER_EXTENSION = xctest;
			};
			name = Release;
		};
/* End XCBuildConfiguration section */

/* Begin XCConfigurationList section */
		E21B44C918D5B227004A9346 /* Build configuration list for PBXProject "simplecamera" */ = {
			isa = XCConfigurationList;
			buildConfigurations = (
				E21B44FE18D5B227004A9346 /* Debug */,
				E21B44FF18D5B227004A9346 /* Release */,
			);
			defaultConfigurationIsVisible = 0;
			defaultConfigurationName = Release;
		};
		E21B450018D5B227004A9346 /* Build configuration list for PBXNativeTarget "simplecamera" */ = {
			isa = XCConfigurationList;
			buildConfigurations = (
				E21B450118D5B227004A9346 /* Debug */,
				E21B450218D5B227004A9346 /* Release */,
			);
			defaultConfigurationIsVisible = 0;
		};
		E21B450318D5B227004A9346 /* Build configuration list for PBXNativeTarget "simplecameraTests" */ = {
			isa = XCConfigurationList;
			buildConfigurations = (
				E21B450418D5B227004A9346 /* Debug */,
				E21B450518D5B227004A9346 /* Release */,
			);
			defaultConfigurationIsVisible = 0;
		};
/* End XCConfigurationList section */
	};
	rootObject = E21B44C618D5B227004A9346 /* Project object */;
}
